{
  "name": "@uniformdev/uniform-canvas-plugin",
  "version": "1.0.0",
  "lockfileVersion": 2,
  "requires": true,
  "packages": {
    "": {
      "name": "@uniformdev/uniform-canvas-plugin",
      "version": "1.0.0",
      "license": "TBD",
      "dependencies": {
        "@uniformdev/canvas": "^19.48.0",
        "@uniformdev/canvas-react": "^19.191.0",
        "@uniformdev/context": "^19.48.0",
        "@uniformdev/project-map": "^19.48.0",
        "node-fetch": "^2.6.1"
      }
    },
    "node_modules/@uniformdev/assets": {
      "version": "19.191.0",
      "resolved": "https://registry.npmjs.org/@uniformdev/assets/-/assets-19.191.0.tgz",
      "integrity": "sha512-PKb/Q5ptxtsTR9fmQrSorEBF3wXxen3TmDyxG67DJrCNUM7gg2GMvLU3bsgvovxz1yBtP4Q1KgRgIoNCSoYg9g==",
      "license": "SEE LICENSE IN LICENSE.txt",
      "dependencies": {
        "@uniformdev/context": "19.191.0"
      }
    },
    "node_modules/@uniformdev/assets/node_modules/@uniformdev/context": {
      "version": "19.191.0",
      "resolved": "https://registry.npmjs.org/@uniformdev/context/-/context-19.191.0.tgz",
      "integrity": "sha512-cVTwOyxXb7gx8Qdv61wzrALxOdWn8QPTWwhLU0kqLr/MdUp0nPh2Kj9+o8V0emBrrc3PLAgsEHv1rrBBN9UzLQ==",
      "license": "SEE LICENSE IN LICENSE.txt",
      "dependencies": {
        "dequal": "^2.0.2",
        "js-cookie": "3.0.5",
        "mitt": "^3.0.1",
        "p-limit": "^3.1.0",
        "rfdc": "^1.3.0",
        "uuid": "9.0.1"
      }
    },
    "node_modules/@uniformdev/canvas": {
      "version": "19.48.0",
      "resolved": "https://registry.npmjs.org/@uniformdev/canvas/-/canvas-19.48.0.tgz",
      "integrity": "sha512-oJeKrWo2vp5iLpo+EMuaxwhUuASfA2NerAadtRKI/4zFGI3YRVqNzjplFtztS6icouzmkTh6AUVcqYtNmNHxOA==",
      "dependencies": {
        "@uniformdev/context": "19.48.0",
        "immer": "9.0.21"
      }
    },
    "node_modules/@uniformdev/canvas-react": {
      "version": "19.191.0",
      "resolved": "https://registry.npmjs.org/@uniformdev/canvas-react/-/canvas-react-19.191.0.tgz",
      "integrity": "sha512-Fr80kb7Q4CtIYzQt9DMi20MKE1k9mJ/D7VFP/zABsi5DL274WWBLDa2BjhOPiwTNaW3L8zYG6Z6oVwuoBhDmuw==",
      "license": "SEE LICENSE IN LICENSE.txt",
      "dependencies": {
        "@uniformdev/canvas": "19.191.0",
        "@uniformdev/context": "19.191.0",
        "@uniformdev/context-react": "19.191.0",
        "@uniformdev/richtext": "19.191.0"
      },
      "peerDependencies": {
        "immer": ">= 10",
        "react": ">= 16 || 17 || 18",
        "react-dom": ">=16"
      }
    },
    "node_modules/@uniformdev/canvas-react/node_modules/@uniformdev/canvas": {
      "version": "19.191.0",
      "resolved": "https://registry.npmjs.org/@uniformdev/canvas/-/canvas-19.191.0.tgz",
      "integrity": "sha512-Sjhj4lEGDE4tSZYUVCyLCZK0nEttCAJm905YG6s7oCQ8KKu6aAXqOIcl/zqaWCyGQ2wiSFu4HnpatXgVY/A/yA==",
      "license": "SEE LICENSE IN LICENSE.txt",
      "dependencies": {
        "@uniformdev/assets": "19.191.0",
        "@uniformdev/context": "19.191.0",
        "@uniformdev/richtext": "19.191.0",
        "immer": "10.1.1"
      }
    },
    "node_modules/@uniformdev/canvas-react/node_modules/@uniformdev/context": {
      "version": "19.191.0",
      "resolved": "https://registry.npmjs.org/@uniformdev/context/-/context-19.191.0.tgz",
      "integrity": "sha512-cVTwOyxXb7gx8Qdv61wzrALxOdWn8QPTWwhLU0kqLr/MdUp0nPh2Kj9+o8V0emBrrc3PLAgsEHv1rrBBN9UzLQ==",
      "license": "SEE LICENSE IN LICENSE.txt",
      "dependencies": {
        "dequal": "^2.0.2",
        "js-cookie": "3.0.5",
        "mitt": "^3.0.1",
        "p-limit": "^3.1.0",
        "rfdc": "^1.3.0",
        "uuid": "9.0.1"
      }
    },
    "node_modules/@uniformdev/canvas/node_modules/immer": {
      "version": "9.0.21",
      "resolved": "https://registry.npmjs.org/immer/-/immer-9.0.21.tgz",
      "integrity": "sha512-bc4NBHqOqSfRW7POMkHd51LvClaeMXpm8dx0e8oE2GORbq5aRK7Bxl4FyzVLdGtLmvLKL7BTDBG5ACQm4HWjTA==",
      "license": "MIT",
      "funding": {
        "type": "opencollective",
        "url": "https://opencollective.com/immer"
      }
    },
    "node_modules/@uniformdev/context": {
      "version": "19.48.0",
      "resolved": "https://registry.npmjs.org/@uniformdev/context/-/context-19.48.0.tgz",
      "integrity": "sha512-j8jBA1xs2Bb4AwQfYzB6P8ITReAPodM5g+jqeN0lNGxBpGPF4bCOMf+Sz4halBcHW9BrLM2M98QVeycVy+OmFQ==",
      "dependencies": {
        "dequal": "^2.0.2",
        "js-cookie": "3.0.5",
        "mitt": "^3.0.0",
        "p-limit": "^3.1.0",
        "rfdc": "^1.3.0"
      }
    },
    "node_modules/@uniformdev/context-react": {
      "version": "19.191.0",
      "resolved": "https://registry.npmjs.org/@uniformdev/context-react/-/context-react-19.191.0.tgz",
      "integrity": "sha512-yBKwguV8UCAbckjNnwuiTsMtvoetJ1d3SRMHfF6AvYYemAALswO5y66yqe0aseaO8JBbEbqPn73dAzQZqFlilQ==",
      "license": "SEE LICENSE IN LICENSE.txt",
      "dependencies": {
        "@uniformdev/context": "19.191.0",
        "cookie": "0.7.0",
        "dequal": "2.0.3"
      },
      "peerDependencies": {
        "react": ">=16.13.1 || 17 || 18",
        "react-dom": ">=16.13.1"
      }
    },
    "node_modules/@uniformdev/context-react/node_modules/@uniformdev/context": {
      "version": "19.191.0",
      "resolved": "https://registry.npmjs.org/@uniformdev/context/-/context-19.191.0.tgz",
      "integrity": "sha512-cVTwOyxXb7gx8Qdv61wzrALxOdWn8QPTWwhLU0kqLr/MdUp0nPh2Kj9+o8V0emBrrc3PLAgsEHv1rrBBN9UzLQ==",
      "license": "SEE LICENSE IN LICENSE.txt",
      "dependencies": {
        "dequal": "^2.0.2",
        "js-cookie": "3.0.5",
        "mitt": "^3.0.1",
        "p-limit": "^3.1.0",
        "rfdc": "^1.3.0",
        "uuid": "9.0.1"
      }
    },
    "node_modules/@uniformdev/project-map": {
      "version": "19.48.0",
      "resolved": "https://registry.npmjs.org/@uniformdev/project-map/-/project-map-19.48.0.tgz",
      "integrity": "sha512-zNk1s0zouoEPCLPtuwsMrdlpqD2O5j3uhVMgYGrS0G8SKEg0sMjZLMdxZFVNUMZ355bAtkgrVSLjLfpZGnJVtQ==",
      "dependencies": {
        "@uniformdev/canvas": "19.48.0",
        "@uniformdev/context": "19.48.0"
      }
    },
    "node_modules/@uniformdev/richtext": {
      "version": "19.191.0",
      "resolved": "https://registry.npmjs.org/@uniformdev/richtext/-/richtext-19.191.0.tgz",
      "integrity": "sha512-LGwMSG+RbXQn2mkwMgjSH7FgBs4UcWXdh+CfKeSCgWyXyp535Dp1gEOnrNDOPBwOlLQPE+pcInSquCjx1KCsDQ==",
      "license": "SEE LICENSE IN LICENSE.txt"
    },
    "node_modules/cookie": {
      "version": "0.7.0",
      "resolved": "https://registry.npmjs.org/cookie/-/cookie-0.7.0.tgz",
      "integrity": "sha512-qCf+V4dtlNhSRXGAZatc1TasyFO6GjohcOul807YOb5ik3+kQSnb4d7iajeCL8QHaJ4uZEjCgiCJerKXwdRVlQ==",
      "license": "MIT",
      "engines": {
        "node": ">= 0.6"
      }
    },
    "node_modules/dequal": {
      "version": "2.0.3",
      "resolved": "https://registry.npmjs.org/dequal/-/dequal-2.0.3.tgz",
      "integrity": "sha512-0je+qPKHEMohvfRTCEo3CrPG6cAzAYgmzKyxRiYSSDkS6eGJdyVJm7WaYA5ECaAD9wLB2T4EEeymA5aFVcYXCA==",
      "license": "MIT",
      "engines": {
        "node": ">=6"
      }
    },
    "node_modules/immer": {
      "version": "10.1.1",
      "resolved": "https://registry.npmjs.org/immer/-/immer-10.1.1.tgz",
      "integrity": "sha512-s2MPrmjovJcoMaHtx6K11Ra7oD05NT97w1IC5zpMkT6Atjr7H8LjaDd81iIxUYpMKSRRNMJE703M1Fhr/TctHw==",
      "license": "MIT",
      "funding": {
        "type": "opencollective",
        "url": "https://opencollective.com/immer"
      }
    },
    "node_modules/js-cookie": {
      "version": "3.0.5",
      "resolved": "https://registry.npmjs.org/js-cookie/-/js-cookie-3.0.5.tgz",
      "integrity": "sha512-cEiJEAEoIbWfCZYKWhVwFuvPX1gETRYPw6LlaTKoxD3s2AkXzkCjnp6h0V77ozyqj0jakteJ4YqDJT830+lVGw==",
      "license": "MIT",
      "engines": {
        "node": ">=14"
      }
    },
    "node_modules/js-tokens": {
      "version": "4.0.0",
      "resolved": "https://registry.npmjs.org/js-tokens/-/js-tokens-4.0.0.tgz",
      "integrity": "sha512-RdJUflcE3cUzKiMqQgsCu06FPu9UdIJO0beYbPhHN4k6apgJtifcoCtT9bcxOpYBtpD2kCM6Sbzg4CausW/PKQ==",
      "license": "MIT",
      "peer": true
    },
    "node_modules/loose-envify": {
      "version": "1.4.0",
      "resolved": "https://registry.npmjs.org/loose-envify/-/loose-envify-1.4.0.tgz",
      "integrity": "sha512-lyuxPGr/Wfhrlem2CL/UcnUc1zcqKAImBDzukY7Y5F/yQiNdko6+fRLevlw1HgMySw7f611UIY408EtxRSoK3Q==",
      "license": "MIT",
      "peer": true,
      "dependencies": {
        "js-tokens": "^3.0.0 || ^4.0.0"
      },
      "bin": {
        "loose-envify": "cli.js"
      }
    },
    "node_modules/mitt": {
      "version": "3.0.1",
      "resolved": "https://registry.npmjs.org/mitt/-/mitt-3.0.1.tgz",
      "integrity": "sha512-vKivATfr97l2/QBCYAkXYDbrIWPM2IIKEl7YPhjCvKlG3kE2gm+uBo6nEXK3M5/Ffh/FLpKExzOQ3JJoJGFKBw==",
      "license": "MIT"
    },
    "node_modules/node-fetch": {
      "version": "2.6.11",
      "resolved": "https://registry.npmjs.org/node-fetch/-/node-fetch-2.6.11.tgz",
      "integrity": "sha512-4I6pdBY1EthSqDmJkiNk3JIT8cswwR9nfeW/cPdUagJYEQG7R95WRH74wpz7ma8Gh/9dI9FP+OU+0E4FvtA55w==",
      "license": "MIT",
      "dependencies": {
        "whatwg-url": "^5.0.0"
      },
      "engines": {
        "node": "4.x || >=6.0.0"
      },
      "peerDependencies": {
        "encoding": "^0.1.0"
      },
      "peerDependenciesMeta": {
        "encoding": {
          "optional": true
        }
      }
    },
    "node_modules/p-limit": {
      "version": "3.1.0",
      "resolved": "https://registry.npmjs.org/p-limit/-/p-limit-3.1.0.tgz",
      "integrity": "sha512-TYOanM3wGwNGsZN2cVTYPArw454xnXj5qmWF1bEoAc4+cU/ol7GVh7odevjp1FNHduHc3KZMcFduxU5Xc6uJRQ==",
      "license": "MIT",
      "dependencies": {
        "yocto-queue": "^0.1.0"
      },
      "engines": {
        "node": ">=10"
      },
      "funding": {
        "url": "https://github.com/sponsors/sindresorhus"
      }
    },
    "node_modules/react": {
      "version": "18.3.1",
      "resolved": "https://registry.npmjs.org/react/-/react-18.3.1.tgz",
      "integrity": "sha512-wS+hAgJShR0KhEvPJArfuPVN1+Hz1t0Y6n5jLrGQbkb4urgPE/0Rve+1kMB1v/oWgHgm4WIcV+i7F2pTVj+2iQ==",
      "license": "MIT",
      "peer": true,
      "dependencies": {
        "loose-envify": "^1.1.0"
      },
      "engines": {
        "node": ">=0.10.0"
      }
    },
    "node_modules/react-dom": {
      "version": "18.3.1",
      "resolved": "https://registry.npmjs.org/react-dom/-/react-dom-18.3.1.tgz",
      "integrity": "sha512-5m4nQKp+rZRb09LNH59GM4BxTh9251/ylbKIbpe7TpGxfJ+9kv6BLkLBXIjjspbgbnIBNqlI23tRnTWT0snUIw==",
      "license": "MIT",
      "peer": true,
      "dependencies": {
        "loose-envify": "^1.1.0",
        "scheduler": "^0.23.2"
      },
      "peerDependencies": {
        "react": "^18.3.1"
      }
    },
    "node_modules/rfdc": {
      "version": "1.3.0",
      "resolved": "https://registry.npmjs.org/rfdc/-/rfdc-1.3.0.tgz",
      "integrity": "sha512-V2hovdzFbOi77/WajaSMXk2OLm+xNIeQdMMuB7icj7bk6zi2F8GGAxigcnDFpJHbNyNcgyJDiP+8nOrY5cZGrA==",
      "license": "MIT"
    },
    "node_modules/scheduler": {
      "version": "0.23.2",
      "resolved": "https://registry.npmjs.org/scheduler/-/scheduler-0.23.2.tgz",
      "integrity": "sha512-UOShsPwz7NrMUqhR6t0hWjFduvOzbtv7toDH1/hIrfRNIDBnnBWd0CwJTGvTpngVlmwGCdP9/Zl/tVrDqcuYzQ==",
      "license": "MIT",
      "peer": true,
      "dependencies": {
        "loose-envify": "^1.1.0"
      }
    },
    "node_modules/tr46": {
      "version": "0.0.3",
      "resolved": "https://registry.npmjs.org/tr46/-/tr46-0.0.3.tgz",
      "integrity": "sha512-N3WMsuqV66lT30CrXNbEjx4GEwlow3v6rr4mCcv6prnfwhS01rkgyFdjPNBYd9br7LpXV1+Emh01fHnq2Gdgrw==",
      "license": "MIT"
    },
    "node_modules/uuid": {
      "version": "9.0.1",
      "resolved": "https://registry.npmjs.org/uuid/-/uuid-9.0.1.tgz",
      "integrity": "sha512-b+1eJOlsR9K8HJpow9Ok3fiWOWSIcIzXodvv0rQjVoOVNpWMpxf1wZNpt4y9h10odCNrqnYp1OBzRktckBe3sA==",
      "funding": [
        "https://github.com/sponsors/broofa",
        "https://github.com/sponsors/ctavan"
      ],
      "license": "MIT",
      "bin": {
        "uuid": "dist/bin/uuid"
      }
    },
    "node_modules/webidl-conversions": {
      "version": "3.0.1",
      "resolved": "https://registry.npmjs.org/webidl-conversions/-/webidl-conversions-3.0.1.tgz",
      "integrity": "sha512-2JAn3z8AR6rjK8Sm8orRC0h/bcl/DqL7tRPdGZ4I1CjdF+EaMLmYxBHyXuKL849eucPFhvBoxMsflfOb8kxaeQ==",
      "license": "BSD-2-Clause"
    },
    "node_modules/whatwg-url": {
      "version": "5.0.0",
      "resolved": "https://registry.npmjs.org/whatwg-url/-/whatwg-url-5.0.0.tgz",
      "integrity": "sha512-saE57nupxk6v3HY35+jzBwYa0rKSy0XR8JSxZPwgLr7ys0IBzhGviA1/TUGJLmSVqs8pb9AnvICXEuOHLprYTw==",
      "license": "MIT",
      "dependencies": {
        "tr46": "~0.0.3",
        "webidl-conversions": "^3.0.0"
      }
    },
    "node_modules/yocto-queue": {
      "version": "0.1.0",
      "resolved": "https://registry.npmjs.org/yocto-queue/-/yocto-queue-0.1.0.tgz",
      "integrity": "sha512-rVksvsnNCdJ/ohGc6xgPwyN8eheCxsiLM8mxuE/t/mOVqJewPuO1miLpTHQiRgTKCLexL4MeAFVagts7HmNZ2Q==",
      "license": "MIT",
      "engines": {
        "node": ">=10"
      },
      "funding": {
        "url": "https://github.com/sponsors/sindresorhus"
      }
    }
  },
  "dependencies": {
    "@uniformdev/assets": {
      "version": "19.191.0",
      "resolved": "https://registry.npmjs.org/@uniformdev/assets/-/assets-19.191.0.tgz",
      "integrity": "sha512-PKb/Q5ptxtsTR9fmQrSorEBF3wXxen3TmDyxG67DJrCNUM7gg2GMvLU3bsgvovxz1yBtP4Q1KgRgIoNCSoYg9g==",
      "requires": {
        "@uniformdev/context": "19.191.0"
      },
      "dependencies": {
        "@uniformdev/context": {
          "version": "19.191.0",
          "resolved": "https://registry.npmjs.org/@uniformdev/context/-/context-19.191.0.tgz",
          "integrity": "sha512-cVTwOyxXb7gx8Qdv61wzrALxOdWn8QPTWwhLU0kqLr/MdUp0nPh2Kj9+o8V0emBrrc3PLAgsEHv1rrBBN9UzLQ==",
          "requires": {
            "dequal": "^2.0.2",
            "js-cookie": "3.0.5",
            "mitt": "^3.0.1",
            "p-limit": "^3.1.0",
            "rfdc": "^1.3.0",
            "uuid": "9.0.1"
          }
        }
      }
    },
    "@uniformdev/canvas": {
      "version": "19.48.0",
      "resolved": "https://registry.npmjs.org/@uniformdev/canvas/-/canvas-19.48.0.tgz",
      "integrity": "sha512-oJeKrWo2vp5iLpo+EMuaxwhUuASfA2NerAadtRKI/4zFGI3YRVqNzjplFtztS6icouzmkTh6AUVcqYtNmNHxOA==",
      "requires": {
        "@uniformdev/context": "19.48.0",
        "immer": "9.0.21"
      },
      "dependencies": {
        "immer": {
          "version": "9.0.21",
          "resolved": "https://registry.npmjs.org/immer/-/immer-9.0.21.tgz",
          "integrity": "sha512-bc4NBHqOqSfRW7POMkHd51LvClaeMXpm8dx0e8oE2GORbq5aRK7Bxl4FyzVLdGtLmvLKL7BTDBG5ACQm4HWjTA=="
        }
      }
    },
    "@uniformdev/canvas-react": {
      "version": "19.191.0",
      "resolved": "https://registry.npmjs.org/@uniformdev/canvas-react/-/canvas-react-19.191.0.tgz",
      "integrity": "sha512-Fr80kb7Q4CtIYzQt9DMi20MKE1k9mJ/D7VFP/zABsi5DL274WWBLDa2BjhOPiwTNaW3L8zYG6Z6oVwuoBhDmuw==",
      "requires": {
        "@uniformdev/canvas": "19.191.0",
        "@uniformdev/context": "19.191.0",
        "@uniformdev/context-react": "19.191.0",
        "@uniformdev/richtext": "19.191.0"
      },
      "dependencies": {
        "@uniformdev/canvas": {
          "version": "19.191.0",
          "resolved": "https://registry.npmjs.org/@uniformdev/canvas/-/canvas-19.191.0.tgz",
          "integrity": "sha512-Sjhj4lEGDE4tSZYUVCyLCZK0nEttCAJm905YG6s7oCQ8KKu6aAXqOIcl/zqaWCyGQ2wiSFu4HnpatXgVY/A/yA==",
          "requires": {
            "@uniformdev/assets": "19.191.0",
            "@uniformdev/context": "19.191.0",
            "@uniformdev/richtext": "19.191.0",
            "immer": "10.1.1"
          }
        },
        "@uniformdev/context": {
          "version": "19.191.0",
          "resolved": "https://registry.npmjs.org/@uniformdev/context/-/context-19.191.0.tgz",
          "integrity": "sha512-cVTwOyxXb7gx8Qdv61wzrALxOdWn8QPTWwhLU0kqLr/MdUp0nPh2Kj9+o8V0emBrrc3PLAgsEHv1rrBBN9UzLQ==",
          "requires": {
            "dequal": "^2.0.2",
            "js-cookie": "3.0.5",
            "mitt": "^3.0.1",
            "p-limit": "^3.1.0",
            "rfdc": "^1.3.0",
            "uuid": "9.0.1"
          }
        }
      }
    },
    "@uniformdev/context": {
      "version": "19.48.0",
      "resolved": "https://registry.npmjs.org/@uniformdev/context/-/context-19.48.0.tgz",
      "integrity": "sha512-j8jBA1xs2Bb4AwQfYzB6P8ITReAPodM5g+jqeN0lNGxBpGPF4bCOMf+Sz4halBcHW9BrLM2M98QVeycVy+OmFQ==",
      "requires": {
        "dequal": "^2.0.2",
        "js-cookie": "3.0.5",
        "mitt": "^3.0.0",
        "p-limit": "^3.1.0",
        "rfdc": "^1.3.0"
      }
    },
    "@uniformdev/context-react": {
      "version": "19.191.0",
      "resolved": "https://registry.npmjs.org/@uniformdev/context-react/-/context-react-19.191.0.tgz",
      "integrity": "sha512-yBKwguV8UCAbckjNnwuiTsMtvoetJ1d3SRMHfF6AvYYemAALswO5y66yqe0aseaO8JBbEbqPn73dAzQZqFlilQ==",
      "requires": {
        "@uniformdev/context": "19.191.0",
        "cookie": "0.7.0",
        "dequal": "2.0.3"
      },
      "dependencies": {
        "@uniformdev/context": {
          "version": "19.191.0",
          "resolved": "https://registry.npmjs.org/@uniformdev/context/-/context-19.191.0.tgz",
          "integrity": "sha512-cVTwOyxXb7gx8Qdv61wzrALxOdWn8QPTWwhLU0kqLr/MdUp0nPh2Kj9+o8V0emBrrc3PLAgsEHv1rrBBN9UzLQ==",
          "requires": {
            "dequal": "^2.0.2",
            "js-cookie": "3.0.5",
            "mitt": "^3.0.1",
            "p-limit": "^3.1.0",
            "rfdc": "^1.3.0",
            "uuid": "9.0.1"
          }
        }
      }
    },
    "@uniformdev/project-map": {
      "version": "19.48.0",
      "resolved": "https://registry.npmjs.org/@uniformdev/project-map/-/project-map-19.48.0.tgz",
      "integrity": "sha512-zNk1s0zouoEPCLPtuwsMrdlpqD2O5j3uhVMgYGrS0G8SKEg0sMjZLMdxZFVNUMZ355bAtkgrVSLjLfpZGnJVtQ==",
      "requires": {
        "@uniformdev/canvas": "19.48.0",
        "@uniformdev/context": "19.48.0"
      }
    },
    "@uniformdev/richtext": {
      "version": "19.191.0",
      "resolved": "https://registry.npmjs.org/@uniformdev/richtext/-/richtext-19.191.0.tgz",
      "integrity": "sha512-LGwMSG+RbXQn2mkwMgjSH7FgBs4UcWXdh+CfKeSCgWyXyp535Dp1gEOnrNDOPBwOlLQPE+pcInSquCjx1KCsDQ=="
    },
    "cookie": {
      "version": "0.7.0",
      "resolved": "https://registry.npmjs.org/cookie/-/cookie-0.7.0.tgz",
      "integrity": "sha512-qCf+V4dtlNhSRXGAZatc1TasyFO6GjohcOul807YOb5ik3+kQSnb4d7iajeCL8QHaJ4uZEjCgiCJerKXwdRVlQ=="
    },
    "dequal": {
      "version": "2.0.3",
      "resolved": "https://registry.npmjs.org/dequal/-/dequal-2.0.3.tgz",
      "integrity": "sha512-0je+qPKHEMohvfRTCEo3CrPG6cAzAYgmzKyxRiYSSDkS6eGJdyVJm7WaYA5ECaAD9wLB2T4EEeymA5aFVcYXCA=="
    },
    "immer": {
      "version": "10.1.1",
      "resolved": "https://registry.npmjs.org/immer/-/immer-10.1.1.tgz",
      "integrity": "sha512-s2MPrmjovJcoMaHtx6K11Ra7oD05NT97w1IC5zpMkT6Atjr7H8LjaDd81iIxUYpMKSRRNMJE703M1Fhr/TctHw=="
    },
    "js-cookie": {
      "version": "3.0.5",
      "resolved": "https://registry.npmjs.org/js-cookie/-/js-cookie-3.0.5.tgz",
      "integrity": "sha512-cEiJEAEoIbWfCZYKWhVwFuvPX1gETRYPw6LlaTKoxD3s2AkXzkCjnp6h0V77ozyqj0jakteJ4YqDJT830+lVGw=="
    },
    "js-tokens": {
      "version": "4.0.0",
      "resolved": "https://registry.npmjs.org/js-tokens/-/js-tokens-4.0.0.tgz",
      "integrity": "sha512-RdJUflcE3cUzKiMqQgsCu06FPu9UdIJO0beYbPhHN4k6apgJtifcoCtT9bcxOpYBtpD2kCM6Sbzg4CausW/PKQ==",
      "peer": true
    },
    "loose-envify": {
      "version": "1.4.0",
      "resolved": "https://registry.npmjs.org/loose-envify/-/loose-envify-1.4.0.tgz",
      "integrity": "sha512-lyuxPGr/Wfhrlem2CL/UcnUc1zcqKAImBDzukY7Y5F/yQiNdko6+fRLevlw1HgMySw7f611UIY408EtxRSoK3Q==",
      "peer": true,
      "requires": {
        "js-tokens": "^3.0.0 || ^4.0.0"
      }
    },
    "mitt": {
      "version": "3.0.1",
      "resolved": "https://registry.npmjs.org/mitt/-/mitt-3.0.1.tgz",
      "integrity": "sha512-vKivATfr97l2/QBCYAkXYDbrIWPM2IIKEl7YPhjCvKlG3kE2gm+uBo6nEXK3M5/Ffh/FLpKExzOQ3JJoJGFKBw=="
    },
    "node-fetch": {
      "version": "2.6.11",
      "resolved": "https://registry.npmjs.org/node-fetch/-/node-fetch-2.6.11.tgz",
      "integrity": "sha512-4I6pdBY1EthSqDmJkiNk3JIT8cswwR9nfeW/cPdUagJYEQG7R95WRH74wpz7ma8Gh/9dI9FP+OU+0E4FvtA55w==",
      "requires": {
        "whatwg-url": "^5.0.0"
      }
    },
    "p-limit": {
      "version": "3.1.0",
      "resolved": "https://registry.npmjs.org/p-limit/-/p-limit-3.1.0.tgz",
      "integrity": "sha512-TYOanM3wGwNGsZN2cVTYPArw454xnXj5qmWF1bEoAc4+cU/ol7GVh7odevjp1FNHduHc3KZMcFduxU5Xc6uJRQ==",
      "requires": {
        "yocto-queue": "^0.1.0"
      }
    },
    "react": {
      "version": "18.3.1",
      "resolved": "https://registry.npmjs.org/react/-/react-18.3.1.tgz",
      "integrity": "sha512-wS+hAgJShR0KhEvPJArfuPVN1+Hz1t0Y6n5jLrGQbkb4urgPE/0Rve+1kMB1v/oWgHgm4WIcV+i7F2pTVj+2iQ==",
      "peer": true,
      "requires": {
        "loose-envify": "^1.1.0"
      }
    },
    "react-dom": {
      "version": "18.3.1",
      "resolved": "https://registry.npmjs.org/react-dom/-/react-dom-18.3.1.tgz",
      "integrity": "sha512-5m4nQKp+rZRb09LNH59GM4BxTh9251/ylbKIbpe7TpGxfJ+9kv6BLkLBXIjjspbgbnIBNqlI23tRnTWT0snUIw==",
      "peer": true,
      "requires": {
        "loose-envify": "^1.1.0",
        "scheduler": "^0.23.2"
      }
    },
    "rfdc": {
      "version": "1.3.0",
      "resolved": "https://registry.npmjs.org/rfdc/-/rfdc-1.3.0.tgz",
      "integrity": "sha512-V2hovdzFbOi77/WajaSMXk2OLm+xNIeQdMMuB7icj7bk6zi2F8GGAxigcnDFpJHbNyNcgyJDiP+8nOrY5cZGrA=="
    },
    "scheduler": {
      "version": "0.23.2",
      "resolved": "https://registry.npmjs.org/scheduler/-/scheduler-0.23.2.tgz",
      "integrity": "sha512-UOShsPwz7NrMUqhR6t0hWjFduvOzbtv7toDH1/hIrfRNIDBnnBWd0CwJTGvTpngVlmwGCdP9/Zl/tVrDqcuYzQ==",
      "peer": true,
      "requires": {
        "loose-envify": "^1.1.0"
      }
    },
    "tr46": {
      "version": "0.0.3",
      "resolved": "https://registry.npmjs.org/tr46/-/tr46-0.0.3.tgz",
      "integrity": "sha512-N3WMsuqV66lT30CrXNbEjx4GEwlow3v6rr4mCcv6prnfwhS01rkgyFdjPNBYd9br7LpXV1+Emh01fHnq2Gdgrw=="
    },
    "uuid": {
      "version": "9.0.1",
      "resolved": "https://registry.npmjs.org/uuid/-/uuid-9.0.1.tgz",
      "integrity": "sha512-b+1eJOlsR9K8HJpow9Ok3fiWOWSIcIzXodvv0rQjVoOVNpWMpxf1wZNpt4y9h10odCNrqnYp1OBzRktckBe3sA=="
    },
    "webidl-conversions": {
      "version": "3.0.1",
      "resolved": "https://registry.npmjs.org/webidl-conversions/-/webidl-conversions-3.0.1.tgz",
      "integrity": "sha512-2JAn3z8AR6rjK8Sm8orRC0h/bcl/DqL7tRPdGZ4I1CjdF+EaMLmYxBHyXuKL849eucPFhvBoxMsflfOb8kxaeQ=="
    },
    "whatwg-url": {
      "version": "5.0.0",
      "resolved": "https://registry.npmjs.org/whatwg-url/-/whatwg-url-5.0.0.tgz",
      "integrity": "sha512-saE57nupxk6v3HY35+jzBwYa0rKSy0XR8JSxZPwgLr7ys0IBzhGviA1/TUGJLmSVqs8pb9AnvICXEuOHLprYTw==",
      "requires": {
        "tr46": "~0.0.3",
        "webidl-conversions": "^3.0.0"
      }
    },
    "yocto-queue": {
      "version": "0.1.0",
      "resolved": "https://registry.npmjs.org/yocto-queue/-/yocto-queue-0.1.0.tgz",
      "integrity": "sha512-rVksvsnNCdJ/ohGc6xgPwyN8eheCxsiLM8mxuE/t/mOVqJewPuO1miLpTHQiRgTKCLexL4MeAFVagts7HmNZ2Q=="
    }
  }
}
