{
  "name": "@uniformdev/uniform-canvas-plugin",
  "version": "1.0.0",
  "lockfileVersion": 2,
  "requires": true,
  "packages": {
    "": {
      "name": "@uniformdev/uniform-canvas-plugin",
      "version": "1.0.0",
      "license": "TBD",
      "dependencies": {
        "@uniformdev/canvas": "19.14.2-alpha.1",
        "@uniformdev/canvas-react": "19.14.2-alpha.1",
        "@uniformdev/context": "19.14.2-alpha.1",
        "@uniformdev/project-map": "19.14.2-alpha.1",
        "node-fetch": "^2.6.1"
      }
    },
    "node_modules/@uniformdev/canvas": {
      "version": "19.14.2-alpha.1",
      "resolved": "https://registry.npmjs.org/@uniformdev/canvas/-/canvas-19.14.2-alpha.1.tgz",
      "integrity": "sha512-hksGkqoTsG8wuqtyVXrbK1sKkdBRBVPGx01ZcFweQaLaMVhJs1pPAYDvveXWlclZ3Pa9waNOc+qkrqlvxKqp7w==",
      "dependencies": {
        "@uniformdev/context": "19.14.2-alpha.1+1a0bb3525",
        "ansi-colors": "^4.1.3",
        "immer": "9.0.21"
      }
    },
    "node_modules/@uniformdev/canvas-react": {
      "version": "19.14.2-alpha.1",
      "resolved": "https://registry.npmjs.org/@uniformdev/canvas-react/-/canvas-react-19.14.2-alpha.1.tgz",
      "integrity": "sha512-bZJv8KzDQvoWZ2AZAx4/PFpSM+jIhBeeTxEkBEFRfALm01s2aNUymCXBRplkpXOuP8MOoeEbPPKyXyCJ/68eiQ==",
      "dependencies": {
        "@uniformdev/canvas": "19.14.2-alpha.1+1a0bb3525",
        "@uniformdev/context": "19.14.2-alpha.1+1a0bb3525",
        "@uniformdev/context-react": "19.14.2-alpha.1+1a0bb3525",
        "@uniformdev/richtext": "19.14.2-alpha.1+1a0bb3525"
      },
      "peerDependencies": {
        "react": ">= 16 || 17 || 18",
        "react-dom": ">=16"
      }
    },
    "node_modules/@uniformdev/context": {
      "version": "19.14.2-alpha.1",
      "resolved": "https://registry.npmjs.org/@uniformdev/context/-/context-19.14.2-alpha.1.tgz",
      "integrity": "sha512-v+pLDPV3EBkVsQKICUTTsyFclG7KlIXg+Nik4KEJdmZNxtfwokA2zFxI2zf3m7cN90VZC3F6vJhT9r0N/nDo0w==",
      "dependencies": {
        "dequal": "^2.0.2",
        "js-cookie": "3.0.5",
        "mitt": "^3.0.0",
        "p-limit": "^3.1.0",
        "rfdc": "^1.3.0"
      }
    },
    "node_modules/@uniformdev/context-react": {
      "version": "19.14.2-alpha.1",
      "resolved": "https://registry.npmjs.org/@uniformdev/context-react/-/context-react-19.14.2-alpha.1.tgz",
      "integrity": "sha512-7AJPkQ3rDjEifgsQaTX/Px5DE+XVlz/PRa17Wmb/Zab/H4anJNjYpSfoOQRMGTVF1R9QQiSTCLDNZ+zVK0yxsg==",
      "dependencies": {
        "@uniformdev/context": "19.14.2-alpha.1+1a0bb3525",
        "cookie": "0.5.0",
        "dequal": "2.0.3"
      },
      "peerDependencies": {
        "react": ">=16.13.1 || 17 || 18",
        "react-dom": ">=16.13.1"
      }
    },
    "node_modules/@uniformdev/project-map": {
      "version": "19.14.2-alpha.1",
      "resolved": "https://registry.npmjs.org/@uniformdev/project-map/-/project-map-19.14.2-alpha.1.tgz",
      "integrity": "sha512-BnIx7xLeLkaKmWre7IySC2z7Fd+X3oGzpmQ1UKLGJwMtkexs5gbtiUK/LLzJsGa4odp/wP1Izh5AuVBC4NHZ4Q==",
      "dependencies": {
        "@uniformdev/canvas": "19.14.2-alpha.1+1a0bb3525",
        "@uniformdev/context": "19.14.2-alpha.1+1a0bb3525"
      }
    },
    "node_modules/@uniformdev/richtext": {
      "version": "19.14.2-alpha.1",
      "resolved": "https://registry.npmjs.org/@uniformdev/richtext/-/richtext-19.14.2-alpha.1.tgz",
      "integrity": "sha512-dGvs/TMa5qOynb1br/oaRVrjS6L3nnPxDuZxayXsVhapoE7hk+l9MzRwdKAjTZS4dnSW17IiP+eqj0N1IT94WA=="
    },
    "node_modules/ansi-colors": {
      "version": "4.1.3",
      "resolved": "https://registry.npmjs.org/ansi-colors/-/ansi-colors-4.1.3.tgz",
      "integrity": "sha512-/6w/C21Pm1A7aZitlI5Ni/2J6FFQN8i1Cvz3kHABAAbw93v/NlvKdVOqz7CCWz/3iv/JplRSEEZ83XION15ovw==",
      "engines": {
        "node": ">=6"
      }
    },
    "node_modules/cookie": {
      "version": "0.5.0",
      "resolved": "https://registry.npmjs.org/cookie/-/cookie-0.5.0.tgz",
      "integrity": "sha512-YZ3GUyn/o8gfKJlnlX7g7xq4gyO6OSuhGPKaaGssGB2qgDUS0gPgtTvoyZLTt9Ab6dC4hfc9dV5arkvc/OCmrw==",
      "engines": {
        "node": ">= 0.6"
      }
    },
    "node_modules/dequal": {
      "version": "2.0.3",
      "resolved": "https://registry.npmjs.org/dequal/-/dequal-2.0.3.tgz",
      "integrity": "sha512-0je+qPKHEMohvfRTCEo3CrPG6cAzAYgmzKyxRiYSSDkS6eGJdyVJm7WaYA5ECaAD9wLB2T4EEeymA5aFVcYXCA==",
      "engines": {
        "node": ">=6"
      }
    },
    "node_modules/immer": {
      "version": "9.0.21",
      "resolved": "https://registry.npmjs.org/immer/-/immer-9.0.21.tgz",
      "integrity": "sha512-bc4NBHqOqSfRW7POMkHd51LvClaeMXpm8dx0e8oE2GORbq5aRK7Bxl4FyzVLdGtLmvLKL7BTDBG5ACQm4HWjTA==",
      "funding": {
        "type": "opencollective",
        "url": "https://opencollective.com/immer"
      }
    },
    "node_modules/js-cookie": {
      "version": "3.0.5",
      "resolved": "https://registry.npmjs.org/js-cookie/-/js-cookie-3.0.5.tgz",
      "integrity": "sha512-cEiJEAEoIbWfCZYKWhVwFuvPX1gETRYPw6LlaTKoxD3s2AkXzkCjnp6h0V77ozyqj0jakteJ4YqDJT830+lVGw==",
      "engines": {
        "node": ">=14"
      }
    },
    "node_modules/js-tokens": {
      "version": "4.0.0",
      "resolved": "https://registry.npmjs.org/js-tokens/-/js-tokens-4.0.0.tgz",
      "integrity": "sha512-RdJUflcE3cUzKiMqQgsCu06FPu9UdIJO0beYbPhHN4k6apgJtifcoCtT9bcxOpYBtpD2kCM6Sbzg4CausW/PKQ==",
      "peer": true
    },
    "node_modules/loose-envify": {
      "version": "1.4.0",
      "resolved": "https://registry.npmjs.org/loose-envify/-/loose-envify-1.4.0.tgz",
      "integrity": "sha512-lyuxPGr/Wfhrlem2CL/UcnUc1zcqKAImBDzukY7Y5F/yQiNdko6+fRLevlw1HgMySw7f611UIY408EtxRSoK3Q==",
      "peer": true,
      "dependencies": {
        "js-tokens": "^3.0.0 || ^4.0.0"
      },
      "bin": {
        "loose-envify": "cli.js"
      }
    },
    "node_modules/mitt": {
      "version": "3.0.0",
      "resolved": "https://registry.npmjs.org/mitt/-/mitt-3.0.0.tgz",
      "integrity": "sha512-7dX2/10ITVyqh4aOSVI9gdape+t9l2/8QxHrFmUXu4EEUpdlxl6RudZUPZoc+zuY2hk1j7XxVroIVIan/pD/SQ=="
    },
    "node_modules/node-fetch": {
      "version": "2.6.11",
      "resolved": "https://registry.npmjs.org/node-fetch/-/node-fetch-2.6.11.tgz",
      "integrity": "sha512-4I6pdBY1EthSqDmJkiNk3JIT8cswwR9nfeW/cPdUagJYEQG7R95WRH74wpz7ma8Gh/9dI9FP+OU+0E4FvtA55w==",
      "dependencies": {
        "whatwg-url": "^5.0.0"
      },
      "engines": {
        "node": "4.x || >=6.0.0"
      },
      "peerDependencies": {
        "encoding": "^0.1.0"
      },
      "peerDependenciesMeta": {
        "encoding": {
          "optional": true
        }
      }
    },
    "node_modules/p-limit": {
      "version": "3.1.0",
      "resolved": "https://registry.npmjs.org/p-limit/-/p-limit-3.1.0.tgz",
      "integrity": "sha512-TYOanM3wGwNGsZN2cVTYPArw454xnXj5qmWF1bEoAc4+cU/ol7GVh7odevjp1FNHduHc3KZMcFduxU5Xc6uJRQ==",
      "dependencies": {
        "yocto-queue": "^0.1.0"
      },
      "engines": {
        "node": ">=10"
      },
      "funding": {
        "url": "https://github.com/sponsors/sindresorhus"
      }
    },
    "node_modules/react": {
      "version": "18.2.0",
      "resolved": "https://registry.npmjs.org/react/-/react-18.2.0.tgz",
      "integrity": "sha512-/3IjMdb2L9QbBdWiW5e3P2/npwMBaU9mHCSCUzNln0ZCYbcfTsGbTJrU/kGemdH2IWmB2ioZ+zkxtmq6g09fGQ==",
      "peer": true,
      "dependencies": {
        "loose-envify": "^1.1.0"
      },
      "engines": {
        "node": ">=0.10.0"
      }
    },
    "node_modules/react-dom": {
      "version": "18.2.0",
      "resolved": "https://registry.npmjs.org/react-dom/-/react-dom-18.2.0.tgz",
      "integrity": "sha512-6IMTriUmvsjHUjNtEDudZfuDQUoWXVxKHhlEGSk81n4YFS+r/Kl99wXiwlVXtPBtJenozv2P+hxDsw9eA7Xo6g==",
      "peer": true,
      "dependencies": {
        "loose-envify": "^1.1.0",
        "scheduler": "^0.23.0"
      },
      "peerDependencies": {
        "react": "^18.2.0"
      }
    },
    "node_modules/rfdc": {
      "version": "1.3.0",
      "resolved": "https://registry.npmjs.org/rfdc/-/rfdc-1.3.0.tgz",
      "integrity": "sha512-V2hovdzFbOi77/WajaSMXk2OLm+xNIeQdMMuB7icj7bk6zi2F8GGAxigcnDFpJHbNyNcgyJDiP+8nOrY5cZGrA=="
    },
    "node_modules/scheduler": {
      "version": "0.23.0",
      "resolved": "https://registry.npmjs.org/scheduler/-/scheduler-0.23.0.tgz",
      "integrity": "sha512-CtuThmgHNg7zIZWAXi3AsyIzA3n4xx7aNyjwC2VJldO2LMVDhFK+63xGqq6CsJH4rTAt6/M+N4GhZiDYPx9eUw==",
      "peer": true,
      "dependencies": {
        "loose-envify": "^1.1.0"
      }
    },
    "node_modules/tr46": {
      "version": "0.0.3",
      "resolved": "https://registry.npmjs.org/tr46/-/tr46-0.0.3.tgz",
      "integrity": "sha512-N3WMsuqV66lT30CrXNbEjx4GEwlow3v6rr4mCcv6prnfwhS01rkgyFdjPNBYd9br7LpXV1+Emh01fHnq2Gdgrw=="
    },
    "node_modules/webidl-conversions": {
      "version": "3.0.1",
      "resolved": "https://registry.npmjs.org/webidl-conversions/-/webidl-conversions-3.0.1.tgz",
      "integrity": "sha512-2JAn3z8AR6rjK8Sm8orRC0h/bcl/DqL7tRPdGZ4I1CjdF+EaMLmYxBHyXuKL849eucPFhvBoxMsflfOb8kxaeQ=="
    },
    "node_modules/whatwg-url": {
      "version": "5.0.0",
      "resolved": "https://registry.npmjs.org/whatwg-url/-/whatwg-url-5.0.0.tgz",
      "integrity": "sha512-saE57nupxk6v3HY35+jzBwYa0rKSy0XR8JSxZPwgLr7ys0IBzhGviA1/TUGJLmSVqs8pb9AnvICXEuOHLprYTw==",
      "dependencies": {
        "tr46": "~0.0.3",
        "webidl-conversions": "^3.0.0"
      }
    },
    "node_modules/yocto-queue": {
      "version": "0.1.0",
      "resolved": "https://registry.npmjs.org/yocto-queue/-/yocto-queue-0.1.0.tgz",
      "integrity": "sha512-rVksvsnNCdJ/ohGc6xgPwyN8eheCxsiLM8mxuE/t/mOVqJewPuO1miLpTHQiRgTKCLexL4MeAFVagts7HmNZ2Q==",
      "engines": {
        "node": ">=10"
      },
      "funding": {
        "url": "https://github.com/sponsors/sindresorhus"
      }
    }
  },
  "dependencies": {
    "@uniformdev/canvas": {
      "version": "19.14.2-alpha.1",
      "resolved": "https://registry.npmjs.org/@uniformdev/canvas/-/canvas-19.14.2-alpha.1.tgz",
      "integrity": "sha512-hksGkqoTsG8wuqtyVXrbK1sKkdBRBVPGx01ZcFweQaLaMVhJs1pPAYDvveXWlclZ3Pa9waNOc+qkrqlvxKqp7w==",
      "requires": {
        "@uniformdev/context": "19.14.2-alpha.1+1a0bb3525",
        "ansi-colors": "^4.1.3",
        "immer": "9.0.21"
      }
    },
    "@uniformdev/canvas-react": {
      "version": "19.14.2-alpha.1",
      "resolved": "https://registry.npmjs.org/@uniformdev/canvas-react/-/canvas-react-19.14.2-alpha.1.tgz",
      "integrity": "sha512-bZJv8KzDQvoWZ2AZAx4/PFpSM+jIhBeeTxEkBEFRfALm01s2aNUymCXBRplkpXOuP8MOoeEbPPKyXyCJ/68eiQ==",
      "requires": {
        "@uniformdev/canvas": "19.14.2-alpha.1+1a0bb3525",
        "@uniformdev/context": "19.14.2-alpha.1+1a0bb3525",
        "@uniformdev/context-react": "19.14.2-alpha.1+1a0bb3525",
        "@uniformdev/richtext": "19.14.2-alpha.1+1a0bb3525"
      }
    },
    "@uniformdev/context": {
      "version": "19.14.2-alpha.1",
      "resolved": "https://registry.npmjs.org/@uniformdev/context/-/context-19.14.2-alpha.1.tgz",
      "integrity": "sha512-v+pLDPV3EBkVsQKICUTTsyFclG7KlIXg+Nik4KEJdmZNxtfwokA2zFxI2zf3m7cN90VZC3F6vJhT9r0N/nDo0w==",
      "requires": {
        "dequal": "^2.0.2",
        "js-cookie": "3.0.5",
        "mitt": "^3.0.0",
        "p-limit": "^3.1.0",
        "rfdc": "^1.3.0"
      }
    },
    "@uniformdev/context-react": {
      "version": "19.14.2-alpha.1",
      "resolved": "https://registry.npmjs.org/@uniformdev/context-react/-/context-react-19.14.2-alpha.1.tgz",
      "integrity": "sha512-7AJPkQ3rDjEifgsQaTX/Px5DE+XVlz/PRa17Wmb/Zab/H4anJNjYpSfoOQRMGTVF1R9QQiSTCLDNZ+zVK0yxsg==",
      "requires": {
        "@uniformdev/context": "19.14.2-alpha.1+1a0bb3525",
        "cookie": "0.5.0",
        "dequal": "2.0.3"
      }
    },
    "@uniformdev/project-map": {
      "version": "19.14.2-alpha.1",
      "resolved": "https://registry.npmjs.org/@uniformdev/project-map/-/project-map-19.14.2-alpha.1.tgz",
      "integrity": "sha512-BnIx7xLeLkaKmWre7IySC2z7Fd+X3oGzpmQ1UKLGJwMtkexs5gbtiUK/LLzJsGa4odp/wP1Izh5AuVBC4NHZ4Q==",
      "requires": {
        "@uniformdev/canvas": "19.14.2-alpha.1+1a0bb3525",
        "@uniformdev/context": "19.14.2-alpha.1+1a0bb3525"
      }
    },
    "@uniformdev/richtext": {
      "version": "19.14.2-alpha.1",
      "resolved": "https://registry.npmjs.org/@uniformdev/richtext/-/richtext-19.14.2-alpha.1.tgz",
      "integrity": "sha512-dGvs/TMa5qOynb1br/oaRVrjS6L3nnPxDuZxayXsVhapoE7hk+l9MzRwdKAjTZS4dnSW17IiP+eqj0N1IT94WA=="
    },
    "ansi-colors": {
      "version": "4.1.3",
      "resolved": "https://registry.npmjs.org/ansi-colors/-/ansi-colors-4.1.3.tgz",
      "integrity": "sha512-/6w/C21Pm1A7aZitlI5Ni/2J6FFQN8i1Cvz3kHABAAbw93v/NlvKdVOqz7CCWz/3iv/JplRSEEZ83XION15ovw=="
    },
    "cookie": {
      "version": "0.5.0",
      "resolved": "https://registry.npmjs.org/cookie/-/cookie-0.5.0.tgz",
      "integrity": "sha512-YZ3GUyn/o8gfKJlnlX7g7xq4gyO6OSuhGPKaaGssGB2qgDUS0gPgtTvoyZLTt9Ab6dC4hfc9dV5arkvc/OCmrw=="
    },
    "dequal": {
      "version": "2.0.3",
      "resolved": "https://registry.npmjs.org/dequal/-/dequal-2.0.3.tgz",
      "integrity": "sha512-0je+qPKHEMohvfRTCEo3CrPG6cAzAYgmzKyxRiYSSDkS6eGJdyVJm7WaYA5ECaAD9wLB2T4EEeymA5aFVcYXCA=="
    },
    "immer": {
      "version": "9.0.21",
      "resolved": "https://registry.npmjs.org/immer/-/immer-9.0.21.tgz",
      "integrity": "sha512-bc4NBHqOqSfRW7POMkHd51LvClaeMXpm8dx0e8oE2GORbq5aRK7Bxl4FyzVLdGtLmvLKL7BTDBG5ACQm4HWjTA=="
    },
    "js-cookie": {
      "version": "3.0.5",
      "resolved": "https://registry.npmjs.org/js-cookie/-/js-cookie-3.0.5.tgz",
      "integrity": "sha512-cEiJEAEoIbWfCZYKWhVwFuvPX1gETRYPw6LlaTKoxD3s2AkXzkCjnp6h0V77ozyqj0jakteJ4YqDJT830+lVGw=="
    },
    "js-tokens": {
      "version": "4.0.0",
      "resolved": "https://registry.npmjs.org/js-tokens/-/js-tokens-4.0.0.tgz",
      "integrity": "sha512-RdJUflcE3cUzKiMqQgsCu06FPu9UdIJO0beYbPhHN4k6apgJtifcoCtT9bcxOpYBtpD2kCM6Sbzg4CausW/PKQ==",
      "peer": true
    },
    "loose-envify": {
      "version": "1.4.0",
      "resolved": "https://registry.npmjs.org/loose-envify/-/loose-envify-1.4.0.tgz",
      "integrity": "sha512-lyuxPGr/Wfhrlem2CL/UcnUc1zcqKAImBDzukY7Y5F/yQiNdko6+fRLevlw1HgMySw7f611UIY408EtxRSoK3Q==",
      "peer": true,
      "requires": {
        "js-tokens": "^3.0.0 || ^4.0.0"
      }
    },
    "mitt": {
      "version": "3.0.0",
      "resolved": "https://registry.npmjs.org/mitt/-/mitt-3.0.0.tgz",
      "integrity": "sha512-7dX2/10ITVyqh4aOSVI9gdape+t9l2/8QxHrFmUXu4EEUpdlxl6RudZUPZoc+zuY2hk1j7XxVroIVIan/pD/SQ=="
    },
    "node-fetch": {
      "version": "2.6.11",
      "resolved": "https://registry.npmjs.org/node-fetch/-/node-fetch-2.6.11.tgz",
      "integrity": "sha512-4I6pdBY1EthSqDmJkiNk3JIT8cswwR9nfeW/cPdUagJYEQG7R95WRH74wpz7ma8Gh/9dI9FP+OU+0E4FvtA55w==",
      "requires": {
        "whatwg-url": "^5.0.0"
      }
    },
    "p-limit": {
      "version": "3.1.0",
      "resolved": "https://registry.npmjs.org/p-limit/-/p-limit-3.1.0.tgz",
      "integrity": "sha512-TYOanM3wGwNGsZN2cVTYPArw454xnXj5qmWF1bEoAc4+cU/ol7GVh7odevjp1FNHduHc3KZMcFduxU5Xc6uJRQ==",
      "requires": {
        "yocto-queue": "^0.1.0"
      }
    },
    "react": {
      "version": "18.2.0",
      "resolved": "https://registry.npmjs.org/react/-/react-18.2.0.tgz",
      "integrity": "sha512-/3IjMdb2L9QbBdWiW5e3P2/npwMBaU9mHCSCUzNln0ZCYbcfTsGbTJrU/kGemdH2IWmB2ioZ+zkxtmq6g09fGQ==",
      "peer": true,
      "requires": {
        "loose-envify": "^1.1.0"
      }
    },
    "react-dom": {
      "version": "18.2.0",
      "resolved": "https://registry.npmjs.org/react-dom/-/react-dom-18.2.0.tgz",
      "integrity": "sha512-6IMTriUmvsjHUjNtEDudZfuDQUoWXVxKHhlEGSk81n4YFS+r/Kl99wXiwlVXtPBtJenozv2P+hxDsw9eA7Xo6g==",
      "peer": true,
      "requires": {
        "loose-envify": "^1.1.0",
        "scheduler": "^0.23.0"
      }
    },
    "rfdc": {
      "version": "1.3.0",
      "resolved": "https://registry.npmjs.org/rfdc/-/rfdc-1.3.0.tgz",
      "integrity": "sha512-V2hovdzFbOi77/WajaSMXk2OLm+xNIeQdMMuB7icj7bk6zi2F8GGAxigcnDFpJHbNyNcgyJDiP+8nOrY5cZGrA=="
    },
    "scheduler": {
      "version": "0.23.0",
      "resolved": "https://registry.npmjs.org/scheduler/-/scheduler-0.23.0.tgz",
      "integrity": "sha512-CtuThmgHNg7zIZWAXi3AsyIzA3n4xx7aNyjwC2VJldO2LMVDhFK+63xGqq6CsJH4rTAt6/M+N4GhZiDYPx9eUw==",
      "peer": true,
      "requires": {
        "loose-envify": "^1.1.0"
      }
    },
    "tr46": {
      "version": "0.0.3",
      "resolved": "https://registry.npmjs.org/tr46/-/tr46-0.0.3.tgz",
      "integrity": "sha512-N3WMsuqV66lT30CrXNbEjx4GEwlow3v6rr4mCcv6prnfwhS01rkgyFdjPNBYd9br7LpXV1+Emh01fHnq2Gdgrw=="
    },
    "webidl-conversions": {
      "version": "3.0.1",
      "resolved": "https://registry.npmjs.org/webidl-conversions/-/webidl-conversions-3.0.1.tgz",
      "integrity": "sha512-2JAn3z8AR6rjK8Sm8orRC0h/bcl/DqL7tRPdGZ4I1CjdF+EaMLmYxBHyXuKL849eucPFhvBoxMsflfOb8kxaeQ=="
    },
    "whatwg-url": {
      "version": "5.0.0",
      "resolved": "https://registry.npmjs.org/whatwg-url/-/whatwg-url-5.0.0.tgz",
      "integrity": "sha512-saE57nupxk6v3HY35+jzBwYa0rKSy0XR8JSxZPwgLr7ys0IBzhGviA1/TUGJLmSVqs8pb9AnvICXEuOHLprYTw==",
      "requires": {
        "tr46": "~0.0.3",
        "webidl-conversions": "^3.0.0"
      }
    },
    "yocto-queue": {
      "version": "0.1.0",
      "resolved": "https://registry.npmjs.org/yocto-queue/-/yocto-queue-0.1.0.tgz",
      "integrity": "sha512-rVksvsnNCdJ/ohGc6xgPwyN8eheCxsiLM8mxuE/t/mOVqJewPuO1miLpTHQiRgTKCLexL4MeAFVagts7HmNZ2Q=="
    }
  }
}
