{
  "name": "openai-webhooks",
  "version": "0.0.0",
  "lockfileVersion": 3,
  "requires": true,
  "packages": {
    "": {
      "name": "openai-webhooks",
      "version": "0.0.0",
      "dependencies": {
        "@uniformdev/canvas": "19.186.1",
        "@uniformdev/tms-sdk": "19.186.1",
        "next": "14.2.3",
        "react": "^18",
        "react-dom": "^18"
      },
      "devDependencies": {
        "@types/node": "^20",
        "@types/react": "^18",
        "@types/react-dom": "^18",
        "dotenv": "16.3.1",
        "typescript": "^5"
      }
    },
    "node_modules/@next/env": {
      "version": "14.2.3",
      "resolved": "https://registry.npmjs.org/@next/env/-/env-14.2.3.tgz",
      "integrity": "sha512-W7fd7IbkfmeeY2gXrzJYDx8D2lWKbVoTIj1o1ScPHNzvp30s1AuoEFSdr39bC5sjxJaxTtq3OTCZboNp0lNWHA==",
      "license": "MIT"
    },
    "node_modules/@next/swc-darwin-arm64": {
      "version": "14.2.3",
      "resolved": "https://registry.npmjs.org/@next/swc-darwin-arm64/-/swc-darwin-arm64-14.2.3.tgz",
      "integrity": "sha512-3pEYo/RaGqPP0YzwnlmPN2puaF2WMLM3apt5jLW2fFdXD9+pqcoTzRk+iZsf8ta7+quAe4Q6Ms0nR0SFGFdS1A==",
      "cpu": [
        "arm64"
      ],
      "license": "MIT",
      "optional": true,
      "os": [
        "darwin"
      ],
      "engines": {
        "node": ">= 10"
      }
    },
    "node_modules/@next/swc-darwin-x64": {
      "version": "14.2.3",
      "resolved": "https://registry.npmjs.org/@next/swc-darwin-x64/-/swc-darwin-x64-14.2.3.tgz",
      "integrity": "sha512-6adp7waE6P1TYFSXpY366xwsOnEXM+y1kgRpjSRVI2CBDOcbRjsJ67Z6EgKIqWIue52d2q/Mx8g9MszARj8IEA==",
      "cpu": [
        "x64"
      ],
      "license": "MIT",
      "optional": true,
      "os": [
        "darwin"
      ],
      "engines": {
        "node": ">= 10"
      }
    },
    "node_modules/@next/swc-linux-arm64-gnu": {
      "version": "14.2.3",
      "resolved": "https://registry.npmjs.org/@next/swc-linux-arm64-gnu/-/swc-linux-arm64-gnu-14.2.3.tgz",
      "integrity": "sha512-cuzCE/1G0ZSnTAHJPUT1rPgQx1w5tzSX7POXSLaS7w2nIUJUD+e25QoXD/hMfxbsT9rslEXugWypJMILBj/QsA==",
      "cpu": [
        "arm64"
      ],
      "license": "MIT",
      "optional": true,
      "os": [
        "linux"
      ],
      "engines": {
        "node": ">= 10"
      }
    },
    "node_modules/@next/swc-linux-arm64-musl": {
      "version": "14.2.3",
      "resolved": "https://registry.npmjs.org/@next/swc-linux-arm64-musl/-/swc-linux-arm64-musl-14.2.3.tgz",
      "integrity": "sha512-0D4/oMM2Y9Ta3nGuCcQN8jjJjmDPYpHX9OJzqk42NZGJocU2MqhBq5tWkJrUQOQY9N+In9xOdymzapM09GeiZw==",
      "cpu": [
        "arm64"
      ],
      "license": "MIT",
      "optional": true,
      "os": [
        "linux"
      ],
      "engines": {
        "node": ">= 10"
      }
    },
    "node_modules/@next/swc-linux-x64-gnu": {
      "version": "14.2.3",
      "resolved": "https://registry.npmjs.org/@next/swc-linux-x64-gnu/-/swc-linux-x64-gnu-14.2.3.tgz",
      "integrity": "sha512-ENPiNnBNDInBLyUU5ii8PMQh+4XLr4pG51tOp6aJ9xqFQ2iRI6IH0Ds2yJkAzNV1CfyagcyzPfROMViS2wOZ9w==",
      "cpu": [
        "x64"
      ],
      "license": "MIT",
      "optional": true,
      "os": [
        "linux"
      ],
      "engines": {
        "node": ">= 10"
      }
    },
    "node_modules/@next/swc-linux-x64-musl": {
      "version": "14.2.3",
      "resolved": "https://registry.npmjs.org/@next/swc-linux-x64-musl/-/swc-linux-x64-musl-14.2.3.tgz",
      "integrity": "sha512-BTAbq0LnCbF5MtoM7I/9UeUu/8ZBY0i8SFjUMCbPDOLv+un67e2JgyN4pmgfXBwy/I+RHu8q+k+MCkDN6P9ViQ==",
      "cpu": [
        "x64"
      ],
      "license": "MIT",
      "optional": true,
      "os": [
        "linux"
      ],
      "engines": {
        "node": ">= 10"
      }
    },
    "node_modules/@next/swc-win32-arm64-msvc": {
      "version": "14.2.3",
      "resolved": "https://registry.npmjs.org/@next/swc-win32-arm64-msvc/-/swc-win32-arm64-msvc-14.2.3.tgz",
      "integrity": "sha512-AEHIw/dhAMLNFJFJIJIyOFDzrzI5bAjI9J26gbO5xhAKHYTZ9Or04BesFPXiAYXDNdrwTP2dQceYA4dL1geu8A==",
      "cpu": [
        "arm64"
      ],
      "license": "MIT",
      "optional": true,
      "os": [
        "win32"
      ],
      "engines": {
        "node": ">= 10"
      }
    },
    "node_modules/@next/swc-win32-ia32-msvc": {
      "version": "14.2.3",
      "resolved": "https://registry.npmjs.org/@next/swc-win32-ia32-msvc/-/swc-win32-ia32-msvc-14.2.3.tgz",
      "integrity": "sha512-vga40n1q6aYb0CLrM+eEmisfKCR45ixQYXuBXxOOmmoV8sYST9k7E3US32FsY+CkkF7NtzdcebiFT4CHuMSyZw==",
      "cpu": [
        "ia32"
      ],
      "license": "MIT",
      "optional": true,
      "os": [
        "win32"
      ],
      "engines": {
        "node": ">= 10"
      }
    },
    "node_modules/@next/swc-win32-x64-msvc": {
      "version": "14.2.3",
      "resolved": "https://registry.npmjs.org/@next/swc-win32-x64-msvc/-/swc-win32-x64-msvc-14.2.3.tgz",
      "integrity": "sha512-Q1/zm43RWynxrO7lW4ehciQVj+5ePBhOK+/K2P7pLFX3JaJ/IZVC69SHidrmZSOkqz7ECIOhhy7XhAFG4JYyHA==",
      "cpu": [
        "x64"
      ],
      "license": "MIT",
      "optional": true,
      "os": [
        "win32"
      ],
      "engines": {
        "node": ">= 10"
      }
    },
    "node_modules/@swc/counter": {
      "version": "0.1.3",
      "resolved": "https://registry.npmjs.org/@swc/counter/-/counter-0.1.3.tgz",
      "integrity": "sha512-e2BR4lsJkkRlKZ/qCHPw9ZaSxc0MVUd7gtbtaB7aMvHeJVYe8sOB8DBZkP2DtISHGSku9sCK6T6cnY0CtXrOCQ==",
      "license": "Apache-2.0"
    },
    "node_modules/@swc/helpers": {
      "version": "0.5.5",
      "resolved": "https://registry.npmjs.org/@swc/helpers/-/helpers-0.5.5.tgz",
      "integrity": "sha512-KGYxvIOXcceOAbEk4bi/dVLEK9z8sZ0uBB3Il5b1rhfClSpcX0yfRO0KmTkqR2cnQDymwLB+25ZyMzICg/cm/A==",
      "license": "Apache-2.0",
      "dependencies": {
        "@swc/counter": "^0.1.3",
        "tslib": "^2.4.0"
      }
    },
    "node_modules/@types/node": {
      "version": "20.16.9",
      "resolved": "https://registry.npmjs.org/@types/node/-/node-20.16.9.tgz",
      "integrity": "sha512-rkvIVJxsOfBejxK7I0FO5sa2WxFmJCzoDwcd88+fq/CUfynNywTo/1/T6hyFz22CyztsnLS9nVlHOnTI36RH5w==",
      "dev": true,
      "license": "MIT",
      "dependencies": {
        "undici-types": "~6.19.2"
      }
    },
    "node_modules/@types/prop-types": {
      "version": "15.7.13",
      "resolved": "https://registry.npmjs.org/@types/prop-types/-/prop-types-15.7.13.tgz",
      "integrity": "sha512-hCZTSvwbzWGvhqxp/RqVqwU999pBf2vp7hzIjiYOsl8wqOmUxkQ6ddw1cV3l8811+kdUFus/q4d1Y3E3SyEifA==",
      "dev": true,
      "license": "MIT"
    },
    "node_modules/@types/react": {
      "version": "18.3.9",
      "resolved": "https://registry.npmjs.org/@types/react/-/react-18.3.9.tgz",
      "integrity": "sha512-+BpAVyTpJkNWWSSnaLBk6ePpHLOGJKnEQNbINNovPWzvEUyAe3e+/d494QdEh71RekM/qV7lw6jzf1HGrJyAtQ==",
      "dev": true,
      "license": "MIT",
      "dependencies": {
        "@types/prop-types": "*",
        "csstype": "^3.0.2"
      }
    },
    "node_modules/@types/react-dom": {
      "version": "18.3.0",
      "resolved": "https://registry.npmjs.org/@types/react-dom/-/react-dom-18.3.0.tgz",
      "integrity": "sha512-EhwApuTmMBmXuFOikhQLIBUn6uFg81SwLMOAUgodJF14SOBOCMdU04gDoYi0WOJJHD144TL32z4yDqCW3dnkQg==",
      "dev": true,
      "license": "MIT",
      "dependencies": {
        "@types/react": "*"
      }
    },
    "node_modules/@uniformdev/assets": {
      "version": "19.186.1",
      "resolved": "https://registry.npmjs.org/@uniformdev/assets/-/assets-19.186.1.tgz",
      "integrity": "sha512-Z0d7jfiSgs1T3jQUbDnNnQQMiXz3cVbLwgN2HK0cppAQFyaB3czmocBXq1gPIros0V7cRVMfFgkh0ot3rHK+8Q==",
      "license": "SEE LICENSE IN LICENSE.txt",
      "dependencies": {
        "@uniformdev/context": "19.186.1"
      }
    },
    "node_modules/@uniformdev/canvas": {
      "version": "19.186.1",
      "resolved": "https://registry.npmjs.org/@uniformdev/canvas/-/canvas-19.186.1.tgz",
      "integrity": "sha512-Ddm1bI38oXC3tfTpnGC3Nsf0L0kVsyV4/ci/7YIAWx5WZOvxQE1K91nfMmmjUcVF8YhyXbLiGW1ny9atRUDb4g==",
      "license": "SEE LICENSE IN LICENSE.txt",
      "dependencies": {
        "@uniformdev/assets": "19.186.1",
        "@uniformdev/context": "19.186.1",
        "@uniformdev/richtext": "19.186.1",
        "immer": "10.1.1"
      }
    },
    "node_modules/@uniformdev/context": {
      "version": "19.186.1",
      "resolved": "https://registry.npmjs.org/@uniformdev/context/-/context-19.186.1.tgz",
      "integrity": "sha512-LX/orriOjDV8PwbR/JmMOROTwi+e9998yfgZasLwJ5aFM5WvcVZdK360lc8yKAZEu3teeJ4RmT5ZEjOCPXxObw==",
      "license": "SEE LICENSE IN LICENSE.txt",
      "dependencies": {
        "dequal": "^2.0.2",
        "js-cookie": "3.0.5",
        "mitt": "^3.0.1",
        "p-limit": "^3.1.0",
        "rfdc": "^1.3.0",
        "uuid": "9.0.1"
      }
    },
    "node_modules/@uniformdev/mesh-sdk": {
      "version": "19.186.1",
      "resolved": "https://registry.npmjs.org/@uniformdev/mesh-sdk/-/mesh-sdk-19.186.1.tgz",
      "integrity": "sha512-5sWK8ZSyq0c7etwgm1yBVqrsTStKBMZgYT71C9aJq0Qq2LHNSh1mlod4SPHMhEj57eeLFcEsEWA10d1D3XuKtg==",
      "license": "SEE LICENSE IN LICENSE.txt",
      "dependencies": {
        "@uniformdev/canvas": "19.186.1",
        "@uniformdev/context": "19.186.1",
        "@uniformdev/project-map": "19.186.1",
        "imagesloaded": "^5.0.0",
        "mitt": "^3.0.1"
      }
    },
    "node_modules/@uniformdev/project-map": {
      "version": "19.186.1",
      "resolved": "https://registry.npmjs.org/@uniformdev/project-map/-/project-map-19.186.1.tgz",
      "integrity": "sha512-QUDKFCLqxFSDhkL7FFTFmyfcWpBLhNCiEOrjTJ4HULfOExykOCMFb7HEpg3GP/N1gB28ykVpiLOqgjfiJmokMA==",
      "license": "SEE LICENSE IN LICENSE.txt",
      "dependencies": {
        "@uniformdev/canvas": "19.186.1",
        "@uniformdev/context": "19.186.1"
      }
    },
    "node_modules/@uniformdev/richtext": {
      "version": "19.186.1",
      "resolved": "https://registry.npmjs.org/@uniformdev/richtext/-/richtext-19.186.1.tgz",
      "integrity": "sha512-E0RJLRb14EE5vfbzXXnlcGswlVRjpgkSfryOtTDDxBbAQHtknzF8tPU/Ap817eUFPPLIm107fVju2GG7zx8alQ==",
      "license": "SEE LICENSE IN LICENSE.txt"
    },
    "node_modules/@uniformdev/tms-sdk": {
      "version": "19.186.1",
      "resolved": "https://registry.npmjs.org/@uniformdev/tms-sdk/-/tms-sdk-19.186.1.tgz",
      "integrity": "sha512-CTNVqvh1ZJlc+R+8UBqSlSjoQFQdl7fgNeCZdM0fNBYHRz5c8fClgoYYAnM56BbpmWjvwYe05uD2l7qGT4dj0g==",
      "license": "SEE LICENSE IN LICENSE.txt",
      "dependencies": {
        "@uniformdev/canvas": "19.186.1",
        "@uniformdev/mesh-sdk": "19.186.1",
        "@uniformdev/richtext": "19.186.1",
        "dequal": "2.0.3",
        "fast-xml-parser": "4.4.1",
        "immer": "10.1.1"
      }
    },
    "node_modules/busboy": {
      "version": "1.6.0",
      "resolved": "https://registry.npmjs.org/busboy/-/busboy-1.6.0.tgz",
      "integrity": "sha512-8SFQbg/0hQ9xy3UNTB0YEnsNBbWfhf7RtnzpL7TkBiTBRfrQ9Fxcnz7VJsleJpyp6rVLvXiuORqjlHi5q+PYuA==",
      "dependencies": {
        "streamsearch": "^1.1.0"
      },
      "engines": {
        "node": ">=10.16.0"
      }
    },
    "node_modules/caniuse-lite": {
      "version": "1.0.30001664",
      "resolved": "https://registry.npmjs.org/caniuse-lite/-/caniuse-lite-1.0.30001664.tgz",
      "integrity": "sha512-AmE7k4dXiNKQipgn7a2xg558IRqPN3jMQY/rOsbxDhrd0tyChwbITBfiwtnqz8bi2M5mIWbxAYBvk7W7QBUS2g==",
      "funding": [
        {
          "type": "opencollective",
          "url": "https://opencollective.com/browserslist"
        },
        {
          "type": "tidelift",
          "url": "https://tidelift.com/funding/github/npm/caniuse-lite"
        },
        {
          "type": "github",
          "url": "https://github.com/sponsors/ai"
        }
      ],
      "license": "CC-BY-4.0"
    },
    "node_modules/client-only": {
      "version": "0.0.1",
      "resolved": "https://registry.npmjs.org/client-only/-/client-only-0.0.1.tgz",
      "integrity": "sha512-IV3Ou0jSMzZrd3pZ48nLkT9DA7Ag1pnPzaiQhpW7c3RbcqqzvzzVu+L8gfqMp/8IM2MQtSiqaCxrrcfu8I8rMA==",
      "license": "MIT"
    },
    "node_modules/csstype": {
      "version": "3.1.3",
      "resolved": "https://registry.npmjs.org/csstype/-/csstype-3.1.3.tgz",
      "integrity": "sha512-M1uQkMl8rQK/szD0LNhtqxIPLpimGm8sOBwU7lLnCpSbTyY3yeU1Vc7l4KT5zT4s/yOxHH5O7tIuuLOCnLADRw==",
      "dev": true,
      "license": "MIT"
    },
    "node_modules/dequal": {
      "version": "2.0.3",
      "resolved": "https://registry.npmjs.org/dequal/-/dequal-2.0.3.tgz",
      "integrity": "sha512-0je+qPKHEMohvfRTCEo3CrPG6cAzAYgmzKyxRiYSSDkS6eGJdyVJm7WaYA5ECaAD9wLB2T4EEeymA5aFVcYXCA==",
      "license": "MIT",
      "engines": {
        "node": ">=6"
      }
    },
    "node_modules/dotenv": {
      "version": "16.3.1",
      "resolved": "https://registry.npmjs.org/dotenv/-/dotenv-16.3.1.tgz",
      "integrity": "sha512-IPzF4w4/Rd94bA9imS68tZBaYyBWSCE47V1RGuMrB94iyTOIEwRmVL2x/4An+6mETpLrKJ5hQkB8W4kFAadeIQ==",
      "dev": true,
      "license": "BSD-2-Clause",
      "engines": {
        "node": ">=12"
      },
      "funding": {
        "url": "https://github.com/motdotla/dotenv?sponsor=1"
      }
    },
    "node_modules/ev-emitter": {
      "version": "2.1.2",
      "resolved": "https://registry.npmjs.org/ev-emitter/-/ev-emitter-2.1.2.tgz",
      "integrity": "sha512-jQ5Ql18hdCQ4qS+RCrbLfz1n+Pags27q5TwMKvZyhp5hh2UULUYZUy1keqj6k6SYsdqIYjnmz7xyyEY0V67B8Q==",
      "license": "MIT"
    },
    "node_modules/fast-xml-parser": {
      "version": "4.4.1",
      "resolved": "https://registry.npmjs.org/fast-xml-parser/-/fast-xml-parser-4.4.1.tgz",
      "integrity": "sha512-xkjOecfnKGkSsOwtZ5Pz7Us/T6mrbPQrq0nh+aCO5V9nk5NLWmasAHumTKjiPJPWANe+kAZ84Jc8ooJkzZ88Sw==",
      "funding": [
        {
          "type": "github",
          "url": "https://github.com/sponsors/NaturalIntelligence"
        },
        {
          "type": "paypal",
          "url": "https://paypal.me/naturalintelligence"
        }
      ],
      "license": "MIT",
      "dependencies": {
        "strnum": "^1.0.5"
      },
      "bin": {
        "fxparser": "src/cli/cli.js"
      }
    },
    "node_modules/graceful-fs": {
      "version": "4.2.11",
      "resolved": "https://registry.npmjs.org/graceful-fs/-/graceful-fs-4.2.11.tgz",
      "integrity": "sha512-RbJ5/jmFcNNCcDV5o9eTnBLJ/HszWV0P73bc+Ff4nS/rJj+YaS6IGyiOL0VoBYX+l1Wrl3k63h/KrH+nhJ0XvQ==",
      "license": "ISC"
    },
    "node_modules/imagesloaded": {
      "version": "5.0.0",
      "resolved": "https://registry.npmjs.org/imagesloaded/-/imagesloaded-5.0.0.tgz",
      "integrity": "sha512-/0JGSubc1MTCoDKVmonLHgbifBWHdyLkun+R/151E1c5n79hiSxcd7cB7mPXFgojYu8xnRZv7GYxzKoxW8BetQ==",
      "license": "MIT",
      "dependencies": {
        "ev-emitter": "^2.1.2"
      }
    },
    "node_modules/immer": {
      "version": "10.1.1",
      "resolved": "https://registry.npmjs.org/immer/-/immer-10.1.1.tgz",
      "integrity": "sha512-s2MPrmjovJcoMaHtx6K11Ra7oD05NT97w1IC5zpMkT6Atjr7H8LjaDd81iIxUYpMKSRRNMJE703M1Fhr/TctHw==",
      "license": "MIT",
      "funding": {
        "type": "opencollective",
        "url": "https://opencollective.com/immer"
      }
    },
    "node_modules/js-cookie": {
      "version": "3.0.5",
      "resolved": "https://registry.npmjs.org/js-cookie/-/js-cookie-3.0.5.tgz",
      "integrity": "sha512-cEiJEAEoIbWfCZYKWhVwFuvPX1gETRYPw6LlaTKoxD3s2AkXzkCjnp6h0V77ozyqj0jakteJ4YqDJT830+lVGw==",
      "license": "MIT",
      "engines": {
        "node": ">=14"
      }
    },
    "node_modules/js-tokens": {
      "version": "4.0.0",
      "resolved": "https://registry.npmjs.org/js-tokens/-/js-tokens-4.0.0.tgz",
      "integrity": "sha512-RdJUflcE3cUzKiMqQgsCu06FPu9UdIJO0beYbPhHN4k6apgJtifcoCtT9bcxOpYBtpD2kCM6Sbzg4CausW/PKQ==",
      "license": "MIT"
    },
    "node_modules/loose-envify": {
      "version": "1.4.0",
      "resolved": "https://registry.npmjs.org/loose-envify/-/loose-envify-1.4.0.tgz",
      "integrity": "sha512-lyuxPGr/Wfhrlem2CL/UcnUc1zcqKAImBDzukY7Y5F/yQiNdko6+fRLevlw1HgMySw7f611UIY408EtxRSoK3Q==",
      "license": "MIT",
      "dependencies": {
        "js-tokens": "^3.0.0 || ^4.0.0"
      },
      "bin": {
        "loose-envify": "cli.js"
      }
    },
    "node_modules/mitt": {
      "version": "3.0.1",
      "resolved": "https://registry.npmjs.org/mitt/-/mitt-3.0.1.tgz",
      "integrity": "sha512-vKivATfr97l2/QBCYAkXYDbrIWPM2IIKEl7YPhjCvKlG3kE2gm+uBo6nEXK3M5/Ffh/FLpKExzOQ3JJoJGFKBw==",
      "license": "MIT"
    },
    "node_modules/nanoid": {
      "version": "3.3.7",
      "resolved": "https://registry.npmjs.org/nanoid/-/nanoid-3.3.7.tgz",
      "integrity": "sha512-eSRppjcPIatRIMC1U6UngP8XFcz8MQWGQdt1MTBQ7NaAmvXDfvNxbvWV3x2y6CdEUciCSsDHDQZbhYaB8QEo2g==",
      "funding": [
        {
          "type": "github",
          "url": "https://github.com/sponsors/ai"
        }
      ],
      "license": "MIT",
      "bin": {
        "nanoid": "bin/nanoid.cjs"
      },
      "engines": {
        "node": "^10 || ^12 || ^13.7 || ^14 || >=15.0.1"
      }
    },
    "node_modules/next": {
      "version": "14.2.3",
      "resolved": "https://registry.npmjs.org/next/-/next-14.2.3.tgz",
      "integrity": "sha512-dowFkFTR8v79NPJO4QsBUtxv0g9BrS/phluVpMAt2ku7H+cbcBJlopXjkWlwxrk/xGqMemr7JkGPGemPrLLX7A==",
      "license": "MIT",
      "dependencies": {
        "@next/env": "14.2.3",
        "@swc/helpers": "0.5.5",
        "busboy": "1.6.0",
        "caniuse-lite": "^1.0.30001579",
        "graceful-fs": "^4.2.11",
        "postcss": "8.4.31",
        "styled-jsx": "5.1.1"
      },
      "bin": {
        "next": "dist/bin/next"
      },
      "engines": {
        "node": ">=18.17.0"
      },
      "optionalDependencies": {
        "@next/swc-darwin-arm64": "14.2.3",
        "@next/swc-darwin-x64": "14.2.3",
        "@next/swc-linux-arm64-gnu": "14.2.3",
        "@next/swc-linux-arm64-musl": "14.2.3",
        "@next/swc-linux-x64-gnu": "14.2.3",
        "@next/swc-linux-x64-musl": "14.2.3",
        "@next/swc-win32-arm64-msvc": "14.2.3",
        "@next/swc-win32-ia32-msvc": "14.2.3",
        "@next/swc-win32-x64-msvc": "14.2.3"
      },
      "peerDependencies": {
        "@opentelemetry/api": "^1.1.0",
        "@playwright/test": "^1.41.2",
        "react": "^18.2.0",
        "react-dom": "^18.2.0",
        "sass": "^1.3.0"
      },
      "peerDependenciesMeta": {
        "@opentelemetry/api": {
          "optional": true
        },
        "@playwright/test": {
          "optional": true
        },
        "sass": {
          "optional": true
        }
      }
    },
    "node_modules/p-limit": {
      "version": "3.1.0",
      "resolved": "https://registry.npmjs.org/p-limit/-/p-limit-3.1.0.tgz",
      "integrity": "sha512-TYOanM3wGwNGsZN2cVTYPArw454xnXj5qmWF1bEoAc4+cU/ol7GVh7odevjp1FNHduHc3KZMcFduxU5Xc6uJRQ==",
      "license": "MIT",
      "dependencies": {
        "yocto-queue": "^0.1.0"
      },
      "engines": {
        "node": ">=10"
      },
      "funding": {
        "url": "https://github.com/sponsors/sindresorhus"
      }
    },
    "node_modules/picocolors": {
      "version": "1.1.0",
      "resolved": "https://registry.npmjs.org/picocolors/-/picocolors-1.1.0.tgz",
      "integrity": "sha512-TQ92mBOW0l3LeMeyLV6mzy/kWr8lkd/hp3mTg7wYK7zJhuBStmGMBG0BdeDZS/dZx1IukaX6Bk11zcln25o1Aw==",
      "license": "ISC"
    },
    "node_modules/postcss": {
      "version": "8.4.31",
      "resolved": "https://registry.npmjs.org/postcss/-/postcss-8.4.31.tgz",
      "integrity": "sha512-PS08Iboia9mts/2ygV3eLpY5ghnUcfLV/EXTOW1E2qYxJKGGBUtNjN76FYHnMs36RmARn41bC0AZmn+rR0OVpQ==",
      "funding": [
        {
          "type": "opencollective",
          "url": "https://opencollective.com/postcss/"
        },
        {
          "type": "tidelift",
          "url": "https://tidelift.com/funding/github/npm/postcss"
        },
        {
          "type": "github",
          "url": "https://github.com/sponsors/ai"
        }
      ],
      "license": "MIT",
      "dependencies": {
        "nanoid": "^3.3.6",
        "picocolors": "^1.0.0",
        "source-map-js": "^1.0.2"
      },
      "engines": {
        "node": "^10 || ^12 || >=14"
      }
    },
    "node_modules/react": {
      "version": "18.3.1",
      "resolved": "https://registry.npmjs.org/react/-/react-18.3.1.tgz",
      "integrity": "sha512-wS+hAgJShR0KhEvPJArfuPVN1+Hz1t0Y6n5jLrGQbkb4urgPE/0Rve+1kMB1v/oWgHgm4WIcV+i7F2pTVj+2iQ==",
      "license": "MIT",
      "dependencies": {
        "loose-envify": "^1.1.0"
      },
      "engines": {
        "node": ">=0.10.0"
      }
    },
    "node_modules/react-dom": {
      "version": "18.3.1",
      "resolved": "https://registry.npmjs.org/react-dom/-/react-dom-18.3.1.tgz",
      "integrity": "sha512-5m4nQKp+rZRb09LNH59GM4BxTh9251/ylbKIbpe7TpGxfJ+9kv6BLkLBXIjjspbgbnIBNqlI23tRnTWT0snUIw==",
      "license": "MIT",
      "dependencies": {
        "loose-envify": "^1.1.0",
        "scheduler": "^0.23.2"
      },
      "peerDependencies": {
        "react": "^18.3.1"
      }
    },
    "node_modules/rfdc": {
      "version": "1.4.1",
      "resolved": "https://registry.npmjs.org/rfdc/-/rfdc-1.4.1.tgz",
      "integrity": "sha512-q1b3N5QkRUWUl7iyylaaj3kOpIT0N2i9MqIEQXP73GVsN9cw3fdx8X63cEmWhJGi2PPCF23Ijp7ktmd39rawIA==",
      "license": "MIT"
    },
    "node_modules/scheduler": {
      "version": "0.23.2",
      "resolved": "https://registry.npmjs.org/scheduler/-/scheduler-0.23.2.tgz",
      "integrity": "sha512-UOShsPwz7NrMUqhR6t0hWjFduvOzbtv7toDH1/hIrfRNIDBnnBWd0CwJTGvTpngVlmwGCdP9/Zl/tVrDqcuYzQ==",
      "license": "MIT",
      "dependencies": {
        "loose-envify": "^1.1.0"
      }
    },
    "node_modules/source-map-js": {
      "version": "1.2.1",
      "resolved": "https://registry.npmjs.org/source-map-js/-/source-map-js-1.2.1.tgz",
      "integrity": "sha512-UXWMKhLOwVKb728IUtQPXxfYU+usdybtUrK/8uGE8CQMvrhOpwvzDBwj0QhSL7MQc7vIsISBG8VQ8+IDQxpfQA==",
      "license": "BSD-3-Clause",
      "engines": {
        "node": ">=0.10.0"
      }
    },
    "node_modules/streamsearch": {
      "version": "1.1.0",
      "resolved": "https://registry.npmjs.org/streamsearch/-/streamsearch-1.1.0.tgz",
      "integrity": "sha512-Mcc5wHehp9aXz1ax6bZUyY5afg9u2rv5cqQI3mRrYkGC8rW2hM02jWuwjtL++LS5qinSyhj2QfLyNsuc+VsExg==",
      "engines": {
        "node": ">=10.0.0"
      }
    },
    "node_modules/strnum": {
      "version": "1.0.5",
      "resolved": "https://registry.npmjs.org/strnum/-/strnum-1.0.5.tgz",
      "integrity": "sha512-J8bbNyKKXl5qYcR36TIO8W3mVGVHrmmxsd5PAItGkmyzwJvybiw2IVq5nqd0i4LSNSkB/sx9VHllbfFdr9k1JA==",
      "license": "MIT"
    },
    "node_modules/styled-jsx": {
      "version": "5.1.1",
      "resolved": "https://registry.npmjs.org/styled-jsx/-/styled-jsx-5.1.1.tgz",
      "integrity": "sha512-pW7uC1l4mBZ8ugbiZrcIsiIvVx1UmTfw7UkC3Um2tmfUq9Bhk8IiyEIPl6F8agHgjzku6j0xQEZbfA5uSgSaCw==",
      "license": "MIT",
      "dependencies": {
        "client-only": "0.0.1"
      },
      "engines": {
        "node": ">= 12.0.0"
      },
      "peerDependencies": {
        "react": ">= 16.8.0 || 17.x.x || ^18.0.0-0"
      },
      "peerDependenciesMeta": {
        "@babel/core": {
          "optional": true
        },
        "babel-plugin-macros": {
          "optional": true
        }
      }
    },
    "node_modules/tslib": {
      "version": "2.7.0",
      "resolved": "https://registry.npmjs.org/tslib/-/tslib-2.7.0.tgz",
      "integrity": "sha512-gLXCKdN1/j47AiHiOkJN69hJmcbGTHI0ImLmbYLHykhgeN0jVGola9yVjFgzCUklsZQMW55o+dW7IXv3RCXDzA==",
      "license": "0BSD"
    },
    "node_modules/typescript": {
      "version": "5.6.2",
      "resolved": "https://registry.npmjs.org/typescript/-/typescript-5.6.2.tgz",
      "integrity": "sha512-NW8ByodCSNCwZeghjN3o+JX5OFH0Ojg6sadjEKY4huZ52TqbJTJnDo5+Tw98lSy63NZvi4n+ez5m2u5d4PkZyw==",
      "dev": true,
      "license": "Apache-2.0",
      "bin": {
        "tsc": "bin/tsc",
        "tsserver": "bin/tsserver"
      },
      "engines": {
        "node": ">=14.17"
      }
    },
    "node_modules/undici-types": {
      "version": "6.19.8",
      "resolved": "https://registry.npmjs.org/undici-types/-/undici-types-6.19.8.tgz",
      "integrity": "sha512-ve2KP6f/JnbPBFyobGHuerC9g1FYGn/F8n1LWTwNxCEzd6IfqTwUQcNXgEtmmQ6DlRrC1hrSrBnCZPokRrDHjw==",
      "dev": true,
      "license": "MIT"
    },
    "node_modules/uuid": {
      "version": "9.0.1",
      "resolved": "https://registry.npmjs.org/uuid/-/uuid-9.0.1.tgz",
      "integrity": "sha512-b+1eJOlsR9K8HJpow9Ok3fiWOWSIcIzXodvv0rQjVoOVNpWMpxf1wZNpt4y9h10odCNrqnYp1OBzRktckBe3sA==",
      "funding": [
        "https://github.com/sponsors/broofa",
        "https://github.com/sponsors/ctavan"
      ],
      "license": "MIT",
      "bin": {
        "uuid": "dist/bin/uuid"
      }
    },
    "node_modules/yocto-queue": {
      "version": "0.1.0",
      "resolved": "https://registry.npmjs.org/yocto-queue/-/yocto-queue-0.1.0.tgz",
      "integrity": "sha512-rVksvsnNCdJ/ohGc6xgPwyN8eheCxsiLM8mxuE/t/mOVqJewPuO1miLpTHQiRgTKCLexL4MeAFVagts7HmNZ2Q==",
      "license": "MIT",
      "engines": {
        "node": ">=10"
      },
      "funding": {
        "url": "https://github.com/sponsors/sindresorhus"
      }
    }
  }
}
