lockfileVersion: '9.0'

settings:
  autoInstallPeers: true
  excludeLinksFromLockfile: false

importers:

  .:
    dependencies:
      '@uniformdev/canvas-next-rsc-client-v2':
        specifier: 20.7.1-alpha.64
        version: 20.7.1-alpha.64(immer@10.1.1)(next@15.4.2-canary.16(react-dom@19.1.0(react@19.1.0))(react@19.1.0))(react-dom@19.1.0(react@19.1.0))(react@19.1.0)
      '@uniformdev/canvas-next-rsc-shared-v2':
        specifier: 20.7.1-alpha.64
        version: 20.7.1-alpha.64(next@15.4.2-canary.16(react-dom@19.1.0(react@19.1.0))(react@19.1.0))(react-dom@19.1.0(react@19.1.0))(react@19.1.0)
      '@uniformdev/canvas-next-rsc-v2':
        specifier: 20.7.1-alpha.64
        version: 20.7.1-alpha.64(immer@10.1.1)(next@15.4.2-canary.16(react-dom@19.1.0(react@19.1.0))(react@19.1.0))(react-dom@19.1.0(react@19.1.0))(react@19.1.0)
      next:
        specifier: canary
        version: 15.4.2-canary.16(react-dom@19.1.0(react@19.1.0))(react@19.1.0)
      react:
        specifier: ^19.0.0
        version: 19.1.0
      react-dom:
        specifier: ^19.0.0
        version: 19.1.0(react@19.1.0)
    devDependencies:
      '@tailwindcss/postcss':
        specifier: ^4
        version: 4.1.11
      '@types/node':
        specifier: ^20
        version: 20.19.9
      '@types/react':
        specifier: ^19
        version: 19.1.8
      '@types/react-dom':
        specifier: ^19
        version: 19.1.6(@types/react@19.1.8)
      tailwindcss:
        specifier: ^4
        version: 4.1.11
      typescript:
        specifier: ^5
        version: 5.8.3

packages:

  '@alloc/quick-lru@5.2.0':
    resolution: {integrity: sha512-UrcABB+4bUrFABwbluTIBErXwvbsU/V7TZWfmbgJfbkwiBuziS9gxdODUyuiecfdGQ85jglMW6juS3+z5TsKLw==}
    engines: {node: '>=10'}

  '@ampproject/remapping@2.3.0':
    resolution: {integrity: sha512-30iZtAPgz+LTIYoeivqYo853f02jBYSd5uGnGpkFV0M3xOt9aN73erkgYAmZU43x4VfqcnLxW9Kpg3R5LC4YYw==}
    engines: {node: '>=6.0.0'}

  '@emnapi/runtime@1.4.5':
    resolution: {integrity: sha512-++LApOtY0pEEz1zrd9vy1/zXVaVJJ/EbAF3u0fXIzPJEDtnITsBGbbK0EkM72amhl/R5b+5xx0Y/QhcVOpuulg==}

  '@img/sharp-darwin-arm64@0.34.3':
    resolution: {integrity: sha512-ryFMfvxxpQRsgZJqBd4wsttYQbCxsJksrv9Lw/v798JcQ8+w84mBWuXwl+TT0WJ/WrYOLaYpwQXi3sA9nTIaIg==}
    engines: {node: ^18.17.0 || ^20.3.0 || >=21.0.0}
    cpu: [arm64]
    os: [darwin]

  '@img/sharp-darwin-x64@0.34.3':
    resolution: {integrity: sha512-yHpJYynROAj12TA6qil58hmPmAwxKKC7reUqtGLzsOHfP7/rniNGTL8tjWX6L3CTV4+5P4ypcS7Pp+7OB+8ihA==}
    engines: {node: ^18.17.0 || ^20.3.0 || >=21.0.0}
    cpu: [x64]
    os: [darwin]

  '@img/sharp-libvips-darwin-arm64@1.2.0':
    resolution: {integrity: sha512-sBZmpwmxqwlqG9ueWFXtockhsxefaV6O84BMOrhtg/YqbTaRdqDE7hxraVE3y6gVM4eExmfzW4a8el9ArLeEiQ==}
    cpu: [arm64]
    os: [darwin]

  '@img/sharp-libvips-darwin-x64@1.2.0':
    resolution: {integrity: sha512-M64XVuL94OgiNHa5/m2YvEQI5q2cl9d/wk0qFTDVXcYzi43lxuiFTftMR1tOnFQovVXNZJ5TURSDK2pNe9Yzqg==}
    cpu: [x64]
    os: [darwin]

  '@img/sharp-libvips-linux-arm64@1.2.0':
    resolution: {integrity: sha512-RXwd0CgG+uPRX5YYrkzKyalt2OJYRiJQ8ED/fi1tq9WQW2jsQIn0tqrlR5l5dr/rjqq6AHAxURhj2DVjyQWSOA==}
    cpu: [arm64]
    os: [linux]

  '@img/sharp-libvips-linux-arm@1.2.0':
    resolution: {integrity: sha512-mWd2uWvDtL/nvIzThLq3fr2nnGfyr/XMXlq8ZJ9WMR6PXijHlC3ksp0IpuhK6bougvQrchUAfzRLnbsen0Cqvw==}
    cpu: [arm]
    os: [linux]

  '@img/sharp-libvips-linux-ppc64@1.2.0':
    resolution: {integrity: sha512-Xod/7KaDDHkYu2phxxfeEPXfVXFKx70EAFZ0qyUdOjCcxbjqyJOEUpDe6RIyaunGxT34Anf9ue/wuWOqBW2WcQ==}
    cpu: [ppc64]
    os: [linux]

  '@img/sharp-libvips-linux-s390x@1.2.0':
    resolution: {integrity: sha512-eMKfzDxLGT8mnmPJTNMcjfO33fLiTDsrMlUVcp6b96ETbnJmd4uvZxVJSKPQfS+odwfVaGifhsB07J1LynFehw==}
    cpu: [s390x]
    os: [linux]

  '@img/sharp-libvips-linux-x64@1.2.0':
    resolution: {integrity: sha512-ZW3FPWIc7K1sH9E3nxIGB3y3dZkpJlMnkk7z5tu1nSkBoCgw2nSRTFHI5pB/3CQaJM0pdzMF3paf9ckKMSE9Tg==}
    cpu: [x64]
    os: [linux]

  '@img/sharp-libvips-linuxmusl-arm64@1.2.0':
    resolution: {integrity: sha512-UG+LqQJbf5VJ8NWJ5Z3tdIe/HXjuIdo4JeVNADXBFuG7z9zjoegpzzGIyV5zQKi4zaJjnAd2+g2nna8TZvuW9Q==}
    cpu: [arm64]
    os: [linux]

  '@img/sharp-libvips-linuxmusl-x64@1.2.0':
    resolution: {integrity: sha512-SRYOLR7CXPgNze8akZwjoGBoN1ThNZoqpOgfnOxmWsklTGVfJiGJoC/Lod7aNMGA1jSsKWM1+HRX43OP6p9+6Q==}
    cpu: [x64]
    os: [linux]

  '@img/sharp-linux-arm64@0.34.3':
    resolution: {integrity: sha512-QdrKe3EvQrqwkDrtuTIjI0bu6YEJHTgEeqdzI3uWJOH6G1O8Nl1iEeVYRGdj1h5I21CqxSvQp1Yv7xeU3ZewbA==}
    engines: {node: ^18.17.0 || ^20.3.0 || >=21.0.0}
    cpu: [arm64]
    os: [linux]

  '@img/sharp-linux-arm@0.34.3':
    resolution: {integrity: sha512-oBK9l+h6KBN0i3dC8rYntLiVfW8D8wH+NPNT3O/WBHeW0OQWCjfWksLUaPidsrDKpJgXp3G3/hkmhptAW0I3+A==}
    engines: {node: ^18.17.0 || ^20.3.0 || >=21.0.0}
    cpu: [arm]
    os: [linux]

  '@img/sharp-linux-ppc64@0.34.3':
    resolution: {integrity: sha512-GLtbLQMCNC5nxuImPR2+RgrviwKwVql28FWZIW1zWruy6zLgA5/x2ZXk3mxj58X/tszVF69KK0Is83V8YgWhLA==}
    engines: {node: ^18.17.0 || ^20.3.0 || >=21.0.0}
    cpu: [ppc64]
    os: [linux]

  '@img/sharp-linux-s390x@0.34.3':
    resolution: {integrity: sha512-3gahT+A6c4cdc2edhsLHmIOXMb17ltffJlxR0aC2VPZfwKoTGZec6u5GrFgdR7ciJSsHT27BD3TIuGcuRT0KmQ==}
    engines: {node: ^18.17.0 || ^20.3.0 || >=21.0.0}
    cpu: [s390x]
    os: [linux]

  '@img/sharp-linux-x64@0.34.3':
    resolution: {integrity: sha512-8kYso8d806ypnSq3/Ly0QEw90V5ZoHh10yH0HnrzOCr6DKAPI6QVHvwleqMkVQ0m+fc7EH8ah0BB0QPuWY6zJQ==}
    engines: {node: ^18.17.0 || ^20.3.0 || >=21.0.0}
    cpu: [x64]
    os: [linux]

  '@img/sharp-linuxmusl-arm64@0.34.3':
    resolution: {integrity: sha512-vAjbHDlr4izEiXM1OTggpCcPg9tn4YriK5vAjowJsHwdBIdx0fYRsURkxLG2RLm9gyBq66gwtWI8Gx0/ov+JKQ==}
    engines: {node: ^18.17.0 || ^20.3.0 || >=21.0.0}
    cpu: [arm64]
    os: [linux]

  '@img/sharp-linuxmusl-x64@0.34.3':
    resolution: {integrity: sha512-gCWUn9547K5bwvOn9l5XGAEjVTTRji4aPTqLzGXHvIr6bIDZKNTA34seMPgM0WmSf+RYBH411VavCejp3PkOeQ==}
    engines: {node: ^18.17.0 || ^20.3.0 || >=21.0.0}
    cpu: [x64]
    os: [linux]

  '@img/sharp-wasm32@0.34.3':
    resolution: {integrity: sha512-+CyRcpagHMGteySaWos8IbnXcHgfDn7pO2fiC2slJxvNq9gDipYBN42/RagzctVRKgxATmfqOSulgZv5e1RdMg==}
    engines: {node: ^18.17.0 || ^20.3.0 || >=21.0.0}
    cpu: [wasm32]

  '@img/sharp-win32-arm64@0.34.3':
    resolution: {integrity: sha512-MjnHPnbqMXNC2UgeLJtX4XqoVHHlZNd+nPt1kRPmj63wURegwBhZlApELdtxM2OIZDRv/DFtLcNhVbd1z8GYXQ==}
    engines: {node: ^18.17.0 || ^20.3.0 || >=21.0.0}
    cpu: [arm64]
    os: [win32]

  '@img/sharp-win32-ia32@0.34.3':
    resolution: {integrity: sha512-xuCdhH44WxuXgOM714hn4amodJMZl3OEvf0GVTm0BEyMeA2to+8HEdRPShH0SLYptJY1uBw+SCFP9WVQi1Q/cw==}
    engines: {node: ^18.17.0 || ^20.3.0 || >=21.0.0}
    cpu: [ia32]
    os: [win32]

  '@img/sharp-win32-x64@0.34.3':
    resolution: {integrity: sha512-OWwz05d++TxzLEv4VnsTz5CmZ6mI6S05sfQGEMrNrQcOEERbX46332IvE7pO/EUiw7jUrrS40z/M7kPyjfl04g==}
    engines: {node: ^18.17.0 || ^20.3.0 || >=21.0.0}
    cpu: [x64]
    os: [win32]

  '@isaacs/fs-minipass@4.0.1':
    resolution: {integrity: sha512-wgm9Ehl2jpeqP3zw/7mo3kRHFp5MEDhqAdwy1fTGkHAwnkGOVsgpvQhL8B5n1qlb01jV3n/bI0ZfZp5lWA1k4w==}
    engines: {node: '>=18.0.0'}

  '@jridgewell/gen-mapping@0.3.12':
    resolution: {integrity: sha512-OuLGC46TjB5BbN1dH8JULVVZY4WTdkF7tV9Ys6wLL1rubZnCMstOhNHueU5bLCrnRuDhKPDM4g6sw4Bel5Gzqg==}

  '@jridgewell/resolve-uri@3.1.2':
    resolution: {integrity: sha512-bRISgCIjP20/tbWSPWMEi54QVPRZExkuD9lJL+UIxUKtwVJA8wW1Trb1jMs1RFXo1CBTNZ/5hpC9QvmKWdopKw==}
    engines: {node: '>=6.0.0'}

  '@jridgewell/sourcemap-codec@1.5.4':
    resolution: {integrity: sha512-VT2+G1VQs/9oz078bLrYbecdZKs912zQlkelYpuf+SXF+QvZDYJlbx/LSx+meSAwdDFnF8FVXW92AVjjkVmgFw==}

  '@jridgewell/trace-mapping@0.3.29':
    resolution: {integrity: sha512-uw6guiW/gcAGPDhLmd77/6lW8QLeiV5RUTsAX46Db6oLhGaVj4lhnPwb184s1bkc8kdVg/+h988dro8GRDpmYQ==}

  '@next/env@15.4.2-canary.16':
    resolution: {integrity: sha512-rSLh+IMkAPKjIUYQrH3UCl3D/Xcq/X5w+rppo7rv8D+aw/19ODieNFC8e2NtUZ1uBP6SxlTrmn9E5rwX+YRdXg==}

  '@next/swc-darwin-arm64@15.4.2-canary.16':
    resolution: {integrity: sha512-XL0KWYWcc5C3BYefpmkdwOoMe4qMwYyyC70dSqY2F6evq/tJksFZFazul6seD5xx/p0nta7PgJRiQOiKCQdpwQ==}
    engines: {node: '>= 10'}
    cpu: [arm64]
    os: [darwin]

  '@next/swc-darwin-x64@15.4.2-canary.16':
    resolution: {integrity: sha512-iF16S+JGjrGv9OSWxywmfLgq/M/pLRDBrlUxAqjk6U15uK8gq0IVzuGyL0qNDTtrDiadsscGmigCJGOEwdm1eQ==}
    engines: {node: '>= 10'}
    cpu: [x64]
    os: [darwin]

  '@next/swc-linux-arm64-gnu@15.4.2-canary.16':
    resolution: {integrity: sha512-Idc5TemlKFOuafEKXA6qFmpv/t9S9yfi17KEK3YoNpfALUtX9fgpZ99X+ADuQixYK6sItB7gTKChfNctiVPlsQ==}
    engines: {node: '>= 10'}
    cpu: [arm64]
    os: [linux]

  '@next/swc-linux-arm64-musl@15.4.2-canary.16':
    resolution: {integrity: sha512-yNYoDIJWsygiLtnQ4zewadY5TyqnIu8+jcTVHmhHeDWJFaviBmrvt/U7IcuWBtQwpMYBCshVMKRlqWHTNDWhpw==}
    engines: {node: '>= 10'}
    cpu: [arm64]
    os: [linux]

  '@next/swc-linux-x64-gnu@15.4.2-canary.16':
    resolution: {integrity: sha512-T85erPFUJpmHTRlAy4V1BBbRe8WFk0uC7DTFkPafTXSshk5ww2an+FrpoTtKUTlXESq+CNzXpb80ZAlpYagRCQ==}
    engines: {node: '>= 10'}
    cpu: [x64]
    os: [linux]

  '@next/swc-linux-x64-musl@15.4.2-canary.16':
    resolution: {integrity: sha512-dZdmfyavwZy7b0o8hCCGrOAZHBj+RWdVtI/vGijGxte910WQtUquVccu7W14htL2FNe5yFcsSWFW74Dy5Nli3Q==}
    engines: {node: '>= 10'}
    cpu: [x64]
    os: [linux]

  '@next/swc-win32-arm64-msvc@15.4.2-canary.16':
    resolution: {integrity: sha512-xvRQXTqSZ8JljsLwlVf1fcwTZjTXpHj4YbcE8aG2Lze3kt/xFo8QGEX9BT1kTCETM/hx14paIBlPY8zLey/rLQ==}
    engines: {node: '>= 10'}
    cpu: [arm64]
    os: [win32]

  '@next/swc-win32-x64-msvc@15.4.2-canary.16':
    resolution: {integrity: sha512-ESWrS/3Xc96B8NYqCWjIJRfe0BQMxxWUXl5j7YoIdsriFWQdBjo0zyxX+m7SvSuyV5v5+kVWOMpU5R07KfllKQ==}
    engines: {node: '>= 10'}
    cpu: [x64]
    os: [win32]

  '@stablelib/base64@1.0.1':
    resolution: {integrity: sha512-1bnPQqSxSuc3Ii6MhBysoWCg58j97aUjuCSZrGSmDxNqtytIi0k8utUenAwTZN4V5mXXYGsVUI9zeBqy+jBOSQ==}

  '@swc/helpers@0.5.15':
    resolution: {integrity: sha512-JQ5TuMi45Owi4/BIMAJBoSQoOJu12oOk/gADqlcUL9JEdHB8vyjUSsxqeNXnmXHjYKMi2WcYtezGEEhqUI/E2g==}

  '@tailwindcss/node@4.1.11':
    resolution: {integrity: sha512-yzhzuGRmv5QyU9qLNg4GTlYI6STedBWRE7NjxP45CsFYYq9taI0zJXZBMqIC/c8fViNLhmrbpSFS57EoxUmD6Q==}

  '@tailwindcss/oxide-android-arm64@4.1.11':
    resolution: {integrity: sha512-3IfFuATVRUMZZprEIx9OGDjG3Ou3jG4xQzNTvjDoKmU9JdmoCohQJ83MYd0GPnQIu89YoJqvMM0G3uqLRFtetg==}
    engines: {node: '>= 10'}
    cpu: [arm64]
    os: [android]

  '@tailwindcss/oxide-darwin-arm64@4.1.11':
    resolution: {integrity: sha512-ESgStEOEsyg8J5YcMb1xl8WFOXfeBmrhAwGsFxxB2CxY9evy63+AtpbDLAyRkJnxLy2WsD1qF13E97uQyP1lfQ==}
    engines: {node: '>= 10'}
    cpu: [arm64]
    os: [darwin]

  '@tailwindcss/oxide-darwin-x64@4.1.11':
    resolution: {integrity: sha512-EgnK8kRchgmgzG6jE10UQNaH9Mwi2n+yw1jWmof9Vyg2lpKNX2ioe7CJdf9M5f8V9uaQxInenZkOxnTVL3fhAw==}
    engines: {node: '>= 10'}
    cpu: [x64]
    os: [darwin]

  '@tailwindcss/oxide-freebsd-x64@4.1.11':
    resolution: {integrity: sha512-xdqKtbpHs7pQhIKmqVpxStnY1skuNh4CtbcyOHeX1YBE0hArj2romsFGb6yUmzkq/6M24nkxDqU8GYrKrz+UcA==}
    engines: {node: '>= 10'}
    cpu: [x64]
    os: [freebsd]

  '@tailwindcss/oxide-linux-arm-gnueabihf@4.1.11':
    resolution: {integrity: sha512-ryHQK2eyDYYMwB5wZL46uoxz2zzDZsFBwfjssgB7pzytAeCCa6glsiJGjhTEddq/4OsIjsLNMAiMlHNYnkEEeg==}
    engines: {node: '>= 10'}
    cpu: [arm]
    os: [linux]

  '@tailwindcss/oxide-linux-arm64-gnu@4.1.11':
    resolution: {integrity: sha512-mYwqheq4BXF83j/w75ewkPJmPZIqqP1nhoghS9D57CLjsh3Nfq0m4ftTotRYtGnZd3eCztgbSPJ9QhfC91gDZQ==}
    engines: {node: '>= 10'}
    cpu: [arm64]
    os: [linux]

  '@tailwindcss/oxide-linux-arm64-musl@4.1.11':
    resolution: {integrity: sha512-m/NVRFNGlEHJrNVk3O6I9ggVuNjXHIPoD6bqay/pubtYC9QIdAMpS+cswZQPBLvVvEF6GtSNONbDkZrjWZXYNQ==}
    engines: {node: '>= 10'}
    cpu: [arm64]
    os: [linux]

  '@tailwindcss/oxide-linux-x64-gnu@4.1.11':
    resolution: {integrity: sha512-YW6sblI7xukSD2TdbbaeQVDysIm/UPJtObHJHKxDEcW2exAtY47j52f8jZXkqE1krdnkhCMGqP3dbniu1Te2Fg==}
    engines: {node: '>= 10'}
    cpu: [x64]
    os: [linux]

  '@tailwindcss/oxide-linux-x64-musl@4.1.11':
    resolution: {integrity: sha512-e3C/RRhGunWYNC3aSF7exsQkdXzQ/M+aYuZHKnw4U7KQwTJotnWsGOIVih0s2qQzmEzOFIJ3+xt7iq67K/p56Q==}
    engines: {node: '>= 10'}
    cpu: [x64]
    os: [linux]

  '@tailwindcss/oxide-wasm32-wasi@4.1.11':
    resolution: {integrity: sha512-Xo1+/GU0JEN/C/dvcammKHzeM6NqKovG+6921MR6oadee5XPBaKOumrJCXvopJ/Qb5TH7LX/UAywbqrP4lax0g==}
    engines: {node: '>=14.0.0'}
    cpu: [wasm32]
    bundledDependencies:
      - '@napi-rs/wasm-runtime'
      - '@emnapi/core'
      - '@emnapi/runtime'
      - '@tybys/wasm-util'
      - '@emnapi/wasi-threads'
      - tslib

  '@tailwindcss/oxide-win32-arm64-msvc@4.1.11':
    resolution: {integrity: sha512-UgKYx5PwEKrac3GPNPf6HVMNhUIGuUh4wlDFR2jYYdkX6pL/rn73zTq/4pzUm8fOjAn5L8zDeHp9iXmUGOXZ+w==}
    engines: {node: '>= 10'}
    cpu: [arm64]
    os: [win32]

  '@tailwindcss/oxide-win32-x64-msvc@4.1.11':
    resolution: {integrity: sha512-YfHoggn1j0LK7wR82TOucWc5LDCguHnoS879idHekmmiR7g9HUtMw9MI0NHatS28u/Xlkfi9w5RJWgz2Dl+5Qg==}
    engines: {node: '>= 10'}
    cpu: [x64]
    os: [win32]

  '@tailwindcss/oxide@4.1.11':
    resolution: {integrity: sha512-Q69XzrtAhuyfHo+5/HMgr1lAiPP/G40OMFAnws7xcFEYqcypZmdW8eGXaOUIeOl1dzPJBPENXgbjsOyhg2nkrg==}
    engines: {node: '>= 10'}

  '@tailwindcss/postcss@4.1.11':
    resolution: {integrity: sha512-q/EAIIpF6WpLhKEuQSEVMZNMIY8KhWoAemZ9eylNAih9jxMGAYPPWBn3I9QL/2jZ+e7OEz/tZkX5HwbBR4HohA==}

  '@types/node@20.19.9':
    resolution: {integrity: sha512-cuVNgarYWZqxRJDQHEB58GEONhOK79QVR/qYx4S7kcUObQvUwvFnYxJuuHUKm2aieN9X3yZB4LZsuYNU1Qphsw==}

  '@types/node@22.16.5':
    resolution: {integrity: sha512-bJFoMATwIGaxxx8VJPeM8TonI8t579oRvgAuT8zFugJsJZgzqv0Fu8Mhp68iecjzG7cnN3mO2dJQ5uUM2EFrgQ==}

  '@types/react-dom@19.1.6':
    resolution: {integrity: sha512-4hOiT/dwO8Ko0gV1m/TJZYk3y0KBnY9vzDh7W+DH17b2HFSOGgdj33dhihPeuy3l0q23+4e+hoXHV6hCC4dCXw==}
    peerDependencies:
      '@types/react': ^19.0.0

  '@types/react@19.1.8':
    resolution: {integrity: sha512-AwAfQ2Wa5bCx9WP8nZL2uMZWod7J7/JSplxbTmBQ5ms6QpqNYm672H0Vu9ZVKVngQ+ii4R/byguVEUZQyeg44g==}

  '@uniformdev/assets@20.7.1-alpha.64':
    resolution: {integrity: sha512-8W/MURWL7M1cMn0DSzUC1WZM5k4GhA7CxBXRxXzd/oXwbSEuZtGXIafw/OJWZCD0U7bRV0+1vlaTmgTQJjx55g==}

  '@uniformdev/canvas-next-rsc-client-v2@20.7.1-alpha.64':
    resolution: {integrity: sha512-ZWiXSe7w4TmmPWNOB1JnmuJhL2E0JLOMOqHuyWo5VXhWjNyUSVHBOP+uDXz0N4iFbclOwYe2Uqp9Om+DEO/Mxg==}
    engines: {node: ^18.18.0 || ^19.8.0 || >= 20.0.0}
    peerDependencies:
      next: '>=15.1.0'
      react: ^18.2.0 || 19.0.0-rc-de68d2f4-20241204 || ^19.0.0
      react-dom: ^18.2.0 || 19.0.0-rc-de68d2f4-20241204 || ^19.0.0

  '@uniformdev/canvas-next-rsc-shared-v2@20.7.1-alpha.64':
    resolution: {integrity: sha512-zZ+BUsEu907KdXFZMoEpvhBb7nvWZbScVzt0ciWSArkEoyWVkL87EAdA6o9YkLpwlb2WX+bzFiCG+/IAnbt3Qw==}
    engines: {node: ^18.18.0 || ^19.8.0 || >= 20.0.0}
    peerDependencies:
      next: '>=15.1.0'
      react: ^18.2.0 || 19.0.0-rc-de68d2f4-20241204 || ^19.0.0
      react-dom: ^18.2.0 || 19.0.0-rc-de68d2f4-20241204 || ^19.0.0

  '@uniformdev/canvas-next-rsc-v2@20.7.1-alpha.64':
    resolution: {integrity: sha512-11Z8uKVo2DTURkp5Mpyf0+OgUk+xQnn95D+2qmvfUnshF0ZCNC11sJ1V8zBz/bRZfoEpJhUGm6THi83359XmZA==}
    engines: {node: ^18.18.0 || ^19.8.0 || >= 20.0.0}
    peerDependencies:
      next: '>=15.1.0'
      react: ^18.2.0 || 19.0.0-rc-de68d2f4-20241204 || ^19.0.0
      react-dom: ^18.2.0 || 19.0.0-rc-de68d2f4-20241204 || ^19.0.0

  '@uniformdev/canvas-react@20.7.1-alpha.64':
    resolution: {integrity: sha512-Y+sUR0CvT0TfSOMaanLaTCbMwcYxh/ZAM8jQvwbhl6If4WZeuHGMLq83IQ+yZqkzRlLIuv0yTpmpN6IYQSYwmw==}
    peerDependencies:
      immer: '>= 10'
      react: '>= 16 || 17 || 18'
      react-dom: '>=16'

  '@uniformdev/canvas@20.7.1-alpha.64':
    resolution: {integrity: sha512-69uCIB0nuz5pboupvBvyAPFT+wyPzTEyhpLzdGPleNMRXFZ8L9nTI/xpnMFjCD5X8JJGJR09CCSoCf7WXz3QWQ==}

  '@uniformdev/context-react@20.7.1-alpha.64':
    resolution: {integrity: sha512-KxBaLunwWGilcPCaAdPCi4s2bu2sEEjTqSCHInYcf5zNmVidIHxU6LFXpC9agfCJ4W7Isbfz7xGDVXxSCGnCQw==}
    peerDependencies:
      react: '>=16.13.1 || 17 || 18'
      react-dom: '>=16.13.1'

  '@uniformdev/context@20.7.1-alpha.64':
    resolution: {integrity: sha512-/VYWxnOncEIbxl/pkOkgofBUDQ1Rkb7nrSzwGSOB2ubmrfkGhzG0a8KWtQ10vtjuSKd2yfaGtxoBlM0uR7O46g==}

  '@uniformdev/redirect@20.7.1-alpha.64':
    resolution: {integrity: sha512-hjKkmWootuUaiy7p4z1hGss1lT1ikPrLkwgQNDy+IGxBCnsfNWStNMXZWpJlsBq8UA1aCYGYFpg0L4ReW5zrjw==}

  '@uniformdev/richtext@20.7.1-alpha.64':
    resolution: {integrity: sha512-kPbIEe7CmKswRjv3j+icW8ds+1XGyLoJZujUv7SP7WAznG2z0s24C3Hon5UJ1TeQ7lLGwXvxXXvB4A5m2EouDw==}

  '@uniformdev/webhooks@20.7.1-alpha.64':
    resolution: {integrity: sha512-fTOuQCbFiPXYN2PqfMv2sWOihSl1jQaPf4sci/Tf9Xj/jD2vl1AZMVgAo2N5SxwW12epkgy7nJC42wtl8aWutw==}

  '@vercel/functions@2.2.4':
    resolution: {integrity: sha512-dol8/MiNG9u7/FSPumYEEl2MJijXBxhKoBJpY83Sqay1VWi4XngaWzBkzSut0SCL4DVVRLtZNEcCkj2/vW3LMg==}
    engines: {node: '>= 18'}
    peerDependencies:
      '@aws-sdk/credential-provider-web-identity': '*'
    peerDependenciesMeta:
      '@aws-sdk/credential-provider-web-identity':
        optional: true

  caniuse-lite@1.0.30001727:
    resolution: {integrity: sha512-pB68nIHmbN6L/4C6MH1DokyR3bYqFwjaSs/sWDHGj4CTcFtQUQMuJftVwWkXq7mNWOybD3KhUv3oWHoGxgP14Q==}

  chownr@3.0.0:
    resolution: {integrity: sha512-+IxzY9BZOQd/XuYPRmrvEVjF/nqj5kgT4kEq7VofrDoM1MxoRjEWkrCC3EtLi59TVawxTAn+orJwFQcrqEN1+g==}
    engines: {node: '>=18'}

  client-only@0.0.1:
    resolution: {integrity: sha512-IV3Ou0jSMzZrd3pZ48nLkT9DA7Ag1pnPzaiQhpW7c3RbcqqzvzzVu+L8gfqMp/8IM2MQtSiqaCxrrcfu8I8rMA==}

  color-convert@2.0.1:
    resolution: {integrity: sha512-RRECPsj7iu/xb5oKYcsFHSppFNnsj/52OVTRKb4zP5onXwVF3zVmmToNcOfGC+CRDpfK/U584fMg38ZHCaElKQ==}
    engines: {node: '>=7.0.0'}

  color-name@1.1.4:
    resolution: {integrity: sha512-dOy+3AuW3a2wNbZHIuMZpTcgjGuLU/uBL/ubcZF9OXbDo8ff4O8yVp5Bf0efS8uEoYo5q4Fx7dY9OgQGXgAsQA==}

  color-string@1.9.1:
    resolution: {integrity: sha512-shrVawQFojnZv6xM40anx4CkoDP+fZsw/ZerEMsW/pyzsRbElpsL/DBVW7q3ExxwusdNXI3lXpuhEZkzs8p5Eg==}

  color@4.2.3:
    resolution: {integrity: sha512-1rXeuUUiGGrykh+CeBdu5Ie7OJwinCgQY0bc7GCRxy5xVHy+moaqkpL/jqQq0MtQOeYcrqEz4abc5f0KtU7W4A==}
    engines: {node: '>=12.5.0'}

  cookie@1.0.1:
    resolution: {integrity: sha512-Xd8lFX4LM9QEEwxQpF9J9NTUh8pmdJO0cyRJhFiDoLTk2eH8FXlRv2IFGYVadZpqI3j8fhNrSdKCeYPxiAhLXw==}
    engines: {node: '>=18'}

  csstype@3.1.3:
    resolution: {integrity: sha512-M1uQkMl8rQK/szD0LNhtqxIPLpimGm8sOBwU7lLnCpSbTyY3yeU1Vc7l4KT5zT4s/yOxHH5O7tIuuLOCnLADRw==}

  dequal@2.0.3:
    resolution: {integrity: sha512-0je+qPKHEMohvfRTCEo3CrPG6cAzAYgmzKyxRiYSSDkS6eGJdyVJm7WaYA5ECaAD9wLB2T4EEeymA5aFVcYXCA==}
    engines: {node: '>=6'}

  detect-libc@2.0.4:
    resolution: {integrity: sha512-3UDv+G9CsCKO1WKMGw9fwq/SWJYbI0c5Y7LU1AXYoDdbhE2AHQ6N6Nb34sG8Fj7T5APy8qXDCKuuIHd1BR0tVA==}
    engines: {node: '>=8'}

  encoding@0.1.13:
    resolution: {integrity: sha512-ETBauow1T35Y/WZMkio9jiM0Z5xjHHmJ4XmjZOq1l/dXz3lr2sRn87nJy20RupqSh1F2m3HHPSp8ShIPQJrJ3A==}

  enhanced-resolve@5.18.2:
    resolution: {integrity: sha512-6Jw4sE1maoRJo3q8MsSIn2onJFbLTOjY9hlx4DZXmOKvLRd1Ok2kXmAGXaafL2+ijsJZ1ClYbl/pmqr9+k4iUQ==}
    engines: {node: '>=10.13.0'}

  es6-promise@4.2.8:
    resolution: {integrity: sha512-HJDGx5daxeIvxdBxvG2cb9g4tEvwIk3i8+nhX0yGrYmZUzbkdg8QbDevheDB8gd0//uPj4c1EQua8Q+MViT0/w==}

  fast-sha256@1.3.0:
    resolution: {integrity: sha512-n11RGP/lrWEFI/bWdygLxhI+pVeo1ZYIVwvvPkW7azl/rOy+F3HYRZ2K5zeE9mmkhQppyv9sQFx0JM9UabnpPQ==}

  graceful-fs@4.2.11:
    resolution: {integrity: sha512-RbJ5/jmFcNNCcDV5o9eTnBLJ/HszWV0P73bc+Ff4nS/rJj+YaS6IGyiOL0VoBYX+l1Wrl3k63h/KrH+nhJ0XvQ==}

  iconv-lite@0.6.3:
    resolution: {integrity: sha512-4fCk79wshMdzMp2rH06qWrJE4iolqLhCUH+OiuIgU++RB0+94NlDL81atO7GX55uUKueo0txHNtvEyI6D7WdMw==}
    engines: {node: '>=0.10.0'}

  immer@10.1.1:
    resolution: {integrity: sha512-s2MPrmjovJcoMaHtx6K11Ra7oD05NT97w1IC5zpMkT6Atjr7H8LjaDd81iIxUYpMKSRRNMJE703M1Fhr/TctHw==}

  is-arrayish@0.3.2:
    resolution: {integrity: sha512-eVRqCvVlZbuw3GrM63ovNSNAeA1K16kaR/LRY/92w0zxQ5/1YzwblUX652i4Xs9RwAGjW9d9y6X88t8OaAJfWQ==}

  jiti@2.5.1:
    resolution: {integrity: sha512-twQoecYPiVA5K/h6SxtORw/Bs3ar+mLUtoPSc7iMXzQzK8d7eJ/R09wmTwAjiamETn1cXYPGfNnu7DMoHgu12w==}
    hasBin: true

  js-cookie@3.0.5:
    resolution: {integrity: sha512-cEiJEAEoIbWfCZYKWhVwFuvPX1gETRYPw6LlaTKoxD3s2AkXzkCjnp6h0V77ozyqj0jakteJ4YqDJT830+lVGw==}
    engines: {node: '>=14'}

  lightningcss-darwin-arm64@1.30.1:
    resolution: {integrity: sha512-c8JK7hyE65X1MHMN+Viq9n11RRC7hgin3HhYKhrMyaXflk5GVplZ60IxyoVtzILeKr+xAJwg6zK6sjTBJ0FKYQ==}
    engines: {node: '>= 12.0.0'}
    cpu: [arm64]
    os: [darwin]

  lightningcss-darwin-x64@1.30.1:
    resolution: {integrity: sha512-k1EvjakfumAQoTfcXUcHQZhSpLlkAuEkdMBsI/ivWw9hL+7FtilQc0Cy3hrx0AAQrVtQAbMI7YjCgYgvn37PzA==}
    engines: {node: '>= 12.0.0'}
    cpu: [x64]
    os: [darwin]

  lightningcss-freebsd-x64@1.30.1:
    resolution: {integrity: sha512-kmW6UGCGg2PcyUE59K5r0kWfKPAVy4SltVeut+umLCFoJ53RdCUWxcRDzO1eTaxf/7Q2H7LTquFHPL5R+Gjyig==}
    engines: {node: '>= 12.0.0'}
    cpu: [x64]
    os: [freebsd]

  lightningcss-linux-arm-gnueabihf@1.30.1:
    resolution: {integrity: sha512-MjxUShl1v8pit+6D/zSPq9S9dQ2NPFSQwGvxBCYaBYLPlCWuPh9/t1MRS8iUaR8i+a6w7aps+B4N0S1TYP/R+Q==}
    engines: {node: '>= 12.0.0'}
    cpu: [arm]
    os: [linux]

  lightningcss-linux-arm64-gnu@1.30.1:
    resolution: {integrity: sha512-gB72maP8rmrKsnKYy8XUuXi/4OctJiuQjcuqWNlJQ6jZiWqtPvqFziskH3hnajfvKB27ynbVCucKSm2rkQp4Bw==}
    engines: {node: '>= 12.0.0'}
    cpu: [arm64]
    os: [linux]

  lightningcss-linux-arm64-musl@1.30.1:
    resolution: {integrity: sha512-jmUQVx4331m6LIX+0wUhBbmMX7TCfjF5FoOH6SD1CttzuYlGNVpA7QnrmLxrsub43ClTINfGSYyHe2HWeLl5CQ==}
    engines: {node: '>= 12.0.0'}
    cpu: [arm64]
    os: [linux]

  lightningcss-linux-x64-gnu@1.30.1:
    resolution: {integrity: sha512-piWx3z4wN8J8z3+O5kO74+yr6ze/dKmPnI7vLqfSqI8bccaTGY5xiSGVIJBDd5K5BHlvVLpUB3S2YCfelyJ1bw==}
    engines: {node: '>= 12.0.0'}
    cpu: [x64]
    os: [linux]

  lightningcss-linux-x64-musl@1.30.1:
    resolution: {integrity: sha512-rRomAK7eIkL+tHY0YPxbc5Dra2gXlI63HL+v1Pdi1a3sC+tJTcFrHX+E86sulgAXeI7rSzDYhPSeHHjqFhqfeQ==}
    engines: {node: '>= 12.0.0'}
    cpu: [x64]
    os: [linux]

  lightningcss-win32-arm64-msvc@1.30.1:
    resolution: {integrity: sha512-mSL4rqPi4iXq5YVqzSsJgMVFENoa4nGTT/GjO2c0Yl9OuQfPsIfncvLrEW6RbbB24WtZ3xP/2CCmI3tNkNV4oA==}
    engines: {node: '>= 12.0.0'}
    cpu: [arm64]
    os: [win32]

  lightningcss-win32-x64-msvc@1.30.1:
    resolution: {integrity: sha512-PVqXh48wh4T53F/1CCu8PIPCxLzWyCnn/9T5W1Jpmdy5h9Cwd+0YQS6/LwhHXSafuc61/xg9Lv5OrCby6a++jg==}
    engines: {node: '>= 12.0.0'}
    cpu: [x64]
    os: [win32]

  lightningcss@1.30.1:
    resolution: {integrity: sha512-xi6IyHML+c9+Q3W0S4fCQJOym42pyurFiJUHEcEyHS0CeKzia4yZDEsLlqOFykxOdHpNy0NmvVO31vcSqAxJCg==}
    engines: {node: '>= 12.0.0'}

  magic-string@0.30.17:
    resolution: {integrity: sha512-sNPKHvyjVf7gyjwS4xGTaW/mCnF8wnjtifKBEhxfZ7E/S8tQ0rssrwGNn6q8JH/ohItJfSQp9mBtQYuTlH5QnA==}

  minipass@7.1.2:
    resolution: {integrity: sha512-qOOzS1cBTWYF4BH8fVePDBOO9iptMnGUEZwNc/cMWnTV2nVLZ7VoNWEPHkYczZA0pdoA7dl6e7FL659nX9S2aw==}
    engines: {node: '>=16 || 14 >=14.17'}

  minizlib@3.0.2:
    resolution: {integrity: sha512-oG62iEk+CYt5Xj2YqI5Xi9xWUeZhDI8jjQmC5oThVH5JGCTgIjr7ciJDzC7MBzYd//WvR1OTmP5Q38Q8ShQtVA==}
    engines: {node: '>= 18'}

  mitt@3.0.1:
    resolution: {integrity: sha512-vKivATfr97l2/QBCYAkXYDbrIWPM2IIKEl7YPhjCvKlG3kE2gm+uBo6nEXK3M5/Ffh/FLpKExzOQ3JJoJGFKBw==}

  mkdirp@3.0.1:
    resolution: {integrity: sha512-+NsyUUAZDmo6YVHzL/stxSu3t9YS1iljliy3BSDrXJ/dkn1KYdmtZODGGjLcc9XLgVVpH4KshHB8XmZgMhaBXg==}
    engines: {node: '>=10'}
    hasBin: true

  nanoid@3.3.11:
    resolution: {integrity: sha512-N8SpfPUnUp1bK+PMYW8qSWdl9U+wwNWI4QKxOYDy9JAro3WMX7p2OeVRF9v+347pnakNevPmiHhNmZ2HbFA76w==}
    engines: {node: ^10 || ^12 || ^13.7 || ^14 || >=15.0.1}
    hasBin: true

  next@15.4.2-canary.16:
    resolution: {integrity: sha512-woAb2J7LNgYQ1nJ7eWfTrC8UHSwU6PRUrfRNx5KtoCHUX4B4W7zwC6Pbza3vaKgexG2/eWUzGF+Fi7qnb5yGNA==}
    engines: {node: ^18.18.0 || ^19.8.0 || >= 20.0.0}
    hasBin: true
    peerDependencies:
      '@modelcontextprotocol/sdk': ^1.15.1
      '@opentelemetry/api': ^1.1.0
      '@playwright/test': ^1.51.1
      babel-plugin-react-compiler: '*'
      react: ^18.2.0 || 19.0.0-rc-de68d2f4-20241204 || ^19.0.0
      react-dom: ^18.2.0 || 19.0.0-rc-de68d2f4-20241204 || ^19.0.0
      sass: ^1.3.0
    peerDependenciesMeta:
      '@modelcontextprotocol/sdk':
        optional: true
      '@opentelemetry/api':
        optional: true
      '@playwright/test':
        optional: true
      babel-plugin-react-compiler:
        optional: true
      sass:
        optional: true

  node-fetch@2.7.0:
    resolution: {integrity: sha512-c4FRfUm/dbcWZ7U+1Wq0AwCyFL+3nt2bEw05wfxSz+DWpWsitgmSgYmy2dQdWyKC1694ELPqMs/YzUSNozLt8A==}
    engines: {node: 4.x || >=6.0.0}
    peerDependencies:
      encoding: ^0.1.0
    peerDependenciesMeta:
      encoding:
        optional: true

  p-limit@3.1.0:
    resolution: {integrity: sha512-TYOanM3wGwNGsZN2cVTYPArw454xnXj5qmWF1bEoAc4+cU/ol7GVh7odevjp1FNHduHc3KZMcFduxU5Xc6uJRQ==}
    engines: {node: '>=10'}

  picocolors@1.1.1:
    resolution: {integrity: sha512-xceH2snhtb5M9liqDsmEw56le376mTZkEX/jEb/RxNFyegNul7eNslCXP9FDj/Lcu0X8KEyMceP2ntpaHrDEVA==}

  postcss@8.4.31:
    resolution: {integrity: sha512-PS08Iboia9mts/2ygV3eLpY5ghnUcfLV/EXTOW1E2qYxJKGGBUtNjN76FYHnMs36RmARn41bC0AZmn+rR0OVpQ==}
    engines: {node: ^10 || ^12 || >=14}

  postcss@8.5.6:
    resolution: {integrity: sha512-3Ybi1tAuwAP9s0r1UQ2J4n5Y0G05bJkpUIO0/bI9MhwmD70S5aTWbXGBwxHrelT+XM1k6dM0pk+SwNkpTRN7Pg==}
    engines: {node: ^10 || ^12 || >=14}

  querystringify@2.2.0:
    resolution: {integrity: sha512-FIqgj2EUvTa7R50u0rGsyTftzjYmv/a3hO345bZNrqabNqjtgiDMgmo4mkUjd+nzU5oF3dClKqFIPUKybUyqoQ==}

  react-dom@19.1.0:
    resolution: {integrity: sha512-Xs1hdnE+DyKgeHJeJznQmYMIBG3TKIHJJT95Q58nHLSrElKlGQqDTR2HQ9fx5CN/Gk6Vh/kupBTDLU11/nDk/g==}
    peerDependencies:
      react: ^19.1.0

  react@19.1.0:
    resolution: {integrity: sha512-FS+XFBNvn3GTAWq26joslQgWNoFu08F4kl0J4CgdNKADkdSGXQyTCnKteIAJy96Br6YbpEU1LSzV5dYtjMkMDg==}
    engines: {node: '>=0.10.0'}

  requires-port@1.0.0:
    resolution: {integrity: sha512-KigOCHcocU3XODJxsu8i/j8T9tzT4adHiecwORRQ0ZZFcp7ahwXuRU1m+yuO90C5ZUyGeGfocHDI14M3L3yDAQ==}

  rfdc@1.4.1:
    resolution: {integrity: sha512-q1b3N5QkRUWUl7iyylaaj3kOpIT0N2i9MqIEQXP73GVsN9cw3fdx8X63cEmWhJGi2PPCF23Ijp7ktmd39rawIA==}

  safer-buffer@2.1.2:
    resolution: {integrity: sha512-YZo3K82SD7Riyi0E1EQPojLz7kpepnSQI9IyPbHHg1XXXevb5dJI7tpyN2ADxGcQbHG7vcyRHk0cbwqcQriUtg==}

  scheduler@0.26.0:
    resolution: {integrity: sha512-NlHwttCI/l5gCPR3D1nNXtWABUmBwvZpEQiD4IXSbIDq8BzLIK/7Ir5gTFSGZDUu37K5cMNp0hFtzO38sC7gWA==}

  semver@7.7.2:
    resolution: {integrity: sha512-RF0Fw+rO5AMf9MAyaRXI4AV0Ulj5lMHqVxxdSgiVbixSCXoEmmX/jk0CuJw4+3SqroYO9VoUh+HcuJivvtJemA==}
    engines: {node: '>=10'}
    hasBin: true

  server-only@0.0.1:
    resolution: {integrity: sha512-qepMx2JxAa5jjfzxG79yPPq+8BuFToHd1hm7kI+Z4zAq1ftQiP7HcxMhDDItrbtwVeLg/cY2JnKnrcFkmiswNA==}

  sharp@0.34.3:
    resolution: {integrity: sha512-eX2IQ6nFohW4DbvHIOLRB3MHFpYqaqvXd3Tp5e/T/dSH83fxaNJQRvDMhASmkNTsNTVF2/OOopzRCt7xokgPfg==}
    engines: {node: ^18.17.0 || ^20.3.0 || >=21.0.0}

  simple-swizzle@0.2.2:
    resolution: {integrity: sha512-JA//kQgZtbuY83m+xT+tXJkmJncGMTFT+C+g2h2R9uxkYIrE2yy9sgmcLhCnw57/WSD+Eh3J97FPEDFnbXnDUg==}

  source-map-js@1.2.1:
    resolution: {integrity: sha512-UXWMKhLOwVKb728IUtQPXxfYU+usdybtUrK/8uGE8CQMvrhOpwvzDBwj0QhSL7MQc7vIsISBG8VQ8+IDQxpfQA==}
    engines: {node: '>=0.10.0'}

  styled-jsx@5.1.6:
    resolution: {integrity: sha512-qSVyDTeMotdvQYoHWLNGwRFJHC+i+ZvdBRYosOFgC+Wg1vx4frN2/RG/NA7SYqqvKNLf39P2LSRA2pu6n0XYZA==}
    engines: {node: '>= 12.0.0'}
    peerDependencies:
      '@babel/core': '*'
      babel-plugin-macros: '*'
      react: '>= 16.8.0 || 17.x.x || ^18.0.0-0 || ^19.0.0-0'
    peerDependenciesMeta:
      '@babel/core':
        optional: true
      babel-plugin-macros:
        optional: true

  svix-fetch@3.0.0:
    resolution: {integrity: sha512-rcADxEFhSqHbraZIsjyZNh4TF6V+koloX1OzZ+AQuObX9mZ2LIMhm1buZeuc5BIZPftZpJCMBsSiBaeszo9tRw==}

  svix@1.69.0:
    resolution: {integrity: sha512-CxU2/GyZXzzRxFlimtpTkEcrmCXj0SN6ZaqAO5v/fEFWVdPuukw5bWskw2CG7XQ26N+LWEmCUxT3YlE+YJFpgQ==}

  tailwindcss@4.1.11:
    resolution: {integrity: sha512-2E9TBm6MDD/xKYe+dvJZAmg3yxIEDNRc0jwlNyDg/4Fil2QcSLjFKGVff0lAf1jjeaArlG/M75Ey/EYr/OJtBA==}

  tapable@2.2.2:
    resolution: {integrity: sha512-Re10+NauLTMCudc7T5WLFLAwDhQ0JWdrMK+9B2M8zR5hRExKmsRDCBA7/aV/pNJFltmBFO5BAMlQFi/vq3nKOg==}
    engines: {node: '>=6'}

  tar@7.4.3:
    resolution: {integrity: sha512-5S7Va8hKfV7W5U6g3aYxXmlPoZVAwUMy9AOKyF2fVuZa2UD3qZjg578OrLRt8PcNN1PleVaL/5/yYATNL0ICUw==}
    engines: {node: '>=18'}

  tr46@0.0.3:
    resolution: {integrity: sha512-N3WMsuqV66lT30CrXNbEjx4GEwlow3v6rr4mCcv6prnfwhS01rkgyFdjPNBYd9br7LpXV1+Emh01fHnq2Gdgrw==}

  tslib@2.8.1:
    resolution: {integrity: sha512-oJFu94HQb+KVduSUQL7wnpmqnfmLsOA/nAh6b6EH0wCEoK0/mPeXU6c3wKDV83MkOuHPRHtSXKKU99IBazS/2w==}

  typescript@5.8.3:
    resolution: {integrity: sha512-p1diW6TqL9L07nNxvRMM7hMMw4c5XOo/1ibL4aAIGmSAt9slTE1Xgw5KWuof2uTOvCg9BY7ZRi+GaF+7sfgPeQ==}
    engines: {node: '>=14.17'}
    hasBin: true

  undici-types@6.21.0:
    resolution: {integrity: sha512-iwDZqg0QAGrg9Rav5H4n0M64c3mkR59cJ6wQp+7C4nI0gsmExaedaYLNO44eT4AtBBwjbTiGPMlt2Md0T9H9JQ==}

  url-parse@1.5.10:
    resolution: {integrity: sha512-WypcfiRhfeUP9vvF0j6rw0J3hrWrw6iZv3+22h6iRMJ/8z1Tj6XfLP4DsUix5MhMPnXpiHDoKyoZ/bdCkwBCiQ==}

  uuid@10.0.0:
    resolution: {integrity: sha512-8XkAphELsDnEGrDxUOHB3RGvXz6TeuYSGEZBOjtTtPm2lwhGBjLgOzLHB63IUWfBpNucQjND6d3AOudO+H3RWQ==}
    hasBin: true

  uuid@9.0.1:
    resolution: {integrity: sha512-b+1eJOlsR9K8HJpow9Ok3fiWOWSIcIzXodvv0rQjVoOVNpWMpxf1wZNpt4y9h10odCNrqnYp1OBzRktckBe3sA==}
    hasBin: true

  webidl-conversions@3.0.1:
    resolution: {integrity: sha512-2JAn3z8AR6rjK8Sm8orRC0h/bcl/DqL7tRPdGZ4I1CjdF+EaMLmYxBHyXuKL849eucPFhvBoxMsflfOb8kxaeQ==}

  whatwg-fetch@3.6.20:
    resolution: {integrity: sha512-EqhiFU6daOA8kpjOWTL0olhVOF3i7OrFzSYiGsEMB8GcXS+RrzauAERX65xMeNWVqxA6HXH2m69Z9LaKKdisfg==}

  whatwg-url@5.0.0:
    resolution: {integrity: sha512-saE57nupxk6v3HY35+jzBwYa0rKSy0XR8JSxZPwgLr7ys0IBzhGviA1/TUGJLmSVqs8pb9AnvICXEuOHLprYTw==}

  yallist@5.0.0:
    resolution: {integrity: sha512-YgvUTfwqyc7UXVMrB+SImsVYSmTS8X/tSrtdNZMImM+n7+QTriRXyXim0mBrTXNeqzVF0KWGgHPeiyViFFrNDw==}
    engines: {node: '>=18'}

  yocto-queue@0.1.0:
    resolution: {integrity: sha512-rVksvsnNCdJ/ohGc6xgPwyN8eheCxsiLM8mxuE/t/mOVqJewPuO1miLpTHQiRgTKCLexL4MeAFVagts7HmNZ2Q==}
    engines: {node: '>=10'}

  zod@3.23.8:
    resolution: {integrity: sha512-XBx9AXhXktjUqnepgTiE5flcKIYWi/rme0Eaj+5Y0lftuGBq+jyRu/md4WnuxqgP1ubdpNCsYEYPxrzVHD8d6g==}

snapshots:

  '@alloc/quick-lru@5.2.0': {}

  '@ampproject/remapping@2.3.0':
    dependencies:
      '@jridgewell/gen-mapping': 0.3.12
      '@jridgewell/trace-mapping': 0.3.29

  '@emnapi/runtime@1.4.5':
    dependencies:
      tslib: 2.8.1
    optional: true

  '@img/sharp-darwin-arm64@0.34.3':
    optionalDependencies:
      '@img/sharp-libvips-darwin-arm64': 1.2.0
    optional: true

  '@img/sharp-darwin-x64@0.34.3':
    optionalDependencies:
      '@img/sharp-libvips-darwin-x64': 1.2.0
    optional: true

  '@img/sharp-libvips-darwin-arm64@1.2.0':
    optional: true

  '@img/sharp-libvips-darwin-x64@1.2.0':
    optional: true

  '@img/sharp-libvips-linux-arm64@1.2.0':
    optional: true

  '@img/sharp-libvips-linux-arm@1.2.0':
    optional: true

  '@img/sharp-libvips-linux-ppc64@1.2.0':
    optional: true

  '@img/sharp-libvips-linux-s390x@1.2.0':
    optional: true

  '@img/sharp-libvips-linux-x64@1.2.0':
    optional: true

  '@img/sharp-libvips-linuxmusl-arm64@1.2.0':
    optional: true

  '@img/sharp-libvips-linuxmusl-x64@1.2.0':
    optional: true

  '@img/sharp-linux-arm64@0.34.3':
    optionalDependencies:
      '@img/sharp-libvips-linux-arm64': 1.2.0
    optional: true

  '@img/sharp-linux-arm@0.34.3':
    optionalDependencies:
      '@img/sharp-libvips-linux-arm': 1.2.0
    optional: true

  '@img/sharp-linux-ppc64@0.34.3':
    optionalDependencies:
      '@img/sharp-libvips-linux-ppc64': 1.2.0
    optional: true

  '@img/sharp-linux-s390x@0.34.3':
    optionalDependencies:
      '@img/sharp-libvips-linux-s390x': 1.2.0
    optional: true

  '@img/sharp-linux-x64@0.34.3':
    optionalDependencies:
      '@img/sharp-libvips-linux-x64': 1.2.0
    optional: true

  '@img/sharp-linuxmusl-arm64@0.34.3':
    optionalDependencies:
      '@img/sharp-libvips-linuxmusl-arm64': 1.2.0
    optional: true

  '@img/sharp-linuxmusl-x64@0.34.3':
    optionalDependencies:
      '@img/sharp-libvips-linuxmusl-x64': 1.2.0
    optional: true

  '@img/sharp-wasm32@0.34.3':
    dependencies:
      '@emnapi/runtime': 1.4.5
    optional: true

  '@img/sharp-win32-arm64@0.34.3':
    optional: true

  '@img/sharp-win32-ia32@0.34.3':
    optional: true

  '@img/sharp-win32-x64@0.34.3':
    optional: true

  '@isaacs/fs-minipass@4.0.1':
    dependencies:
      minipass: 7.1.2

  '@jridgewell/gen-mapping@0.3.12':
    dependencies:
      '@jridgewell/sourcemap-codec': 1.5.4
      '@jridgewell/trace-mapping': 0.3.29

  '@jridgewell/resolve-uri@3.1.2': {}

  '@jridgewell/sourcemap-codec@1.5.4': {}

  '@jridgewell/trace-mapping@0.3.29':
    dependencies:
      '@jridgewell/resolve-uri': 3.1.2
      '@jridgewell/sourcemap-codec': 1.5.4

  '@next/env@15.4.2-canary.16': {}

  '@next/swc-darwin-arm64@15.4.2-canary.16':
    optional: true

  '@next/swc-darwin-x64@15.4.2-canary.16':
    optional: true

  '@next/swc-linux-arm64-gnu@15.4.2-canary.16':
    optional: true

  '@next/swc-linux-arm64-musl@15.4.2-canary.16':
    optional: true

  '@next/swc-linux-x64-gnu@15.4.2-canary.16':
    optional: true

  '@next/swc-linux-x64-musl@15.4.2-canary.16':
    optional: true

  '@next/swc-win32-arm64-msvc@15.4.2-canary.16':
    optional: true

  '@next/swc-win32-x64-msvc@15.4.2-canary.16':
    optional: true

  '@stablelib/base64@1.0.1': {}

  '@swc/helpers@0.5.15':
    dependencies:
      tslib: 2.8.1

  '@tailwindcss/node@4.1.11':
    dependencies:
      '@ampproject/remapping': 2.3.0
      enhanced-resolve: 5.18.2
      jiti: 2.5.1
      lightningcss: 1.30.1
      magic-string: 0.30.17
      source-map-js: 1.2.1
      tailwindcss: 4.1.11

  '@tailwindcss/oxide-android-arm64@4.1.11':
    optional: true

  '@tailwindcss/oxide-darwin-arm64@4.1.11':
    optional: true

  '@tailwindcss/oxide-darwin-x64@4.1.11':
    optional: true

  '@tailwindcss/oxide-freebsd-x64@4.1.11':
    optional: true

  '@tailwindcss/oxide-linux-arm-gnueabihf@4.1.11':
    optional: true

  '@tailwindcss/oxide-linux-arm64-gnu@4.1.11':
    optional: true

  '@tailwindcss/oxide-linux-arm64-musl@4.1.11':
    optional: true

  '@tailwindcss/oxide-linux-x64-gnu@4.1.11':
    optional: true

  '@tailwindcss/oxide-linux-x64-musl@4.1.11':
    optional: true

  '@tailwindcss/oxide-wasm32-wasi@4.1.11':
    optional: true

  '@tailwindcss/oxide-win32-arm64-msvc@4.1.11':
    optional: true

  '@tailwindcss/oxide-win32-x64-msvc@4.1.11':
    optional: true

  '@tailwindcss/oxide@4.1.11':
    dependencies:
      detect-libc: 2.0.4
      tar: 7.4.3
    optionalDependencies:
      '@tailwindcss/oxide-android-arm64': 4.1.11
      '@tailwindcss/oxide-darwin-arm64': 4.1.11
      '@tailwindcss/oxide-darwin-x64': 4.1.11
      '@tailwindcss/oxide-freebsd-x64': 4.1.11
      '@tailwindcss/oxide-linux-arm-gnueabihf': 4.1.11
      '@tailwindcss/oxide-linux-arm64-gnu': 4.1.11
      '@tailwindcss/oxide-linux-arm64-musl': 4.1.11
      '@tailwindcss/oxide-linux-x64-gnu': 4.1.11
      '@tailwindcss/oxide-linux-x64-musl': 4.1.11
      '@tailwindcss/oxide-wasm32-wasi': 4.1.11
      '@tailwindcss/oxide-win32-arm64-msvc': 4.1.11
      '@tailwindcss/oxide-win32-x64-msvc': 4.1.11

  '@tailwindcss/postcss@4.1.11':
    dependencies:
      '@alloc/quick-lru': 5.2.0
      '@tailwindcss/node': 4.1.11
      '@tailwindcss/oxide': 4.1.11
      postcss: 8.5.6
      tailwindcss: 4.1.11

  '@types/node@20.19.9':
    dependencies:
      undici-types: 6.21.0

  '@types/node@22.16.5':
    dependencies:
      undici-types: 6.21.0

  '@types/react-dom@19.1.6(@types/react@19.1.8)':
    dependencies:
      '@types/react': 19.1.8

  '@types/react@19.1.8':
    dependencies:
      csstype: 3.1.3

  '@uniformdev/assets@20.7.1-alpha.64':
    dependencies:
      '@uniformdev/context': 20.7.1-alpha.64

  '@uniformdev/canvas-next-rsc-client-v2@20.7.1-alpha.64(immer@10.1.1)(next@15.4.2-canary.16(react-dom@19.1.0(react@19.1.0))(react@19.1.0))(react-dom@19.1.0(react@19.1.0))(react@19.1.0)':
    dependencies:
      '@uniformdev/canvas': 20.7.1-alpha.64
      '@uniformdev/canvas-next-rsc-shared-v2': 20.7.1-alpha.64(next@15.4.2-canary.16(react-dom@19.1.0(react@19.1.0))(react@19.1.0))(react-dom@19.1.0(react@19.1.0))(react@19.1.0)
      '@uniformdev/canvas-react': 20.7.1-alpha.64(immer@10.1.1)(react-dom@19.1.0(react@19.1.0))(react@19.1.0)
      '@uniformdev/context': 20.7.1-alpha.64
      js-cookie: 3.0.5
      next: 15.4.2-canary.16(react-dom@19.1.0(react@19.1.0))(react@19.1.0)
      react: 19.1.0
      react-dom: 19.1.0(react@19.1.0)
    transitivePeerDependencies:
      - immer

  '@uniformdev/canvas-next-rsc-shared-v2@20.7.1-alpha.64(next@15.4.2-canary.16(react-dom@19.1.0(react@19.1.0))(react@19.1.0))(react-dom@19.1.0(react@19.1.0))(react@19.1.0)':
    dependencies:
      '@uniformdev/canvas': 20.7.1-alpha.64
      '@uniformdev/context': 20.7.1-alpha.64
      next: 15.4.2-canary.16(react-dom@19.1.0(react@19.1.0))(react@19.1.0)
      react: 19.1.0
      react-dom: 19.1.0(react@19.1.0)

  '@uniformdev/canvas-next-rsc-v2@20.7.1-alpha.64(immer@10.1.1)(next@15.4.2-canary.16(react-dom@19.1.0(react@19.1.0))(react@19.1.0))(react-dom@19.1.0(react@19.1.0))(react@19.1.0)':
    dependencies:
      '@uniformdev/canvas-next-rsc-client-v2': 20.7.1-alpha.64(immer@10.1.1)(next@15.4.2-canary.16(react-dom@19.1.0(react@19.1.0))(react@19.1.0))(react-dom@19.1.0(react@19.1.0))(react@19.1.0)
      '@uniformdev/canvas-next-rsc-shared-v2': 20.7.1-alpha.64(next@15.4.2-canary.16(react-dom@19.1.0(react@19.1.0))(react@19.1.0))(react-dom@19.1.0(react@19.1.0))(react@19.1.0)
      '@uniformdev/canvas-react': 20.7.1-alpha.64(immer@10.1.1)(react-dom@19.1.0(react@19.1.0))(react@19.1.0)
      '@uniformdev/redirect': 20.7.1-alpha.64
      '@uniformdev/richtext': 20.7.1-alpha.64
      '@uniformdev/webhooks': 20.7.1-alpha.64
      '@vercel/functions': 2.2.4
      encoding: 0.1.13
      next: 15.4.2-canary.16(react-dom@19.1.0(react@19.1.0))(react@19.1.0)
      react: 19.1.0
      react-dom: 19.1.0(react@19.1.0)
      server-only: 0.0.1
      svix: 1.69.0(encoding@0.1.13)
    transitivePeerDependencies:
      - '@aws-sdk/credential-provider-web-identity'
      - immer

  '@uniformdev/canvas-react@20.7.1-alpha.64(immer@10.1.1)(react-dom@19.1.0(react@19.1.0))(react@19.1.0)':
    dependencies:
      '@uniformdev/canvas': 20.7.1-alpha.64
      '@uniformdev/context': 20.7.1-alpha.64
      '@uniformdev/context-react': 20.7.1-alpha.64(react-dom@19.1.0(react@19.1.0))(react@19.1.0)
      '@uniformdev/richtext': 20.7.1-alpha.64
      immer: 10.1.1
      react: 19.1.0
      react-dom: 19.1.0(react@19.1.0)

  '@uniformdev/canvas@20.7.1-alpha.64':
    dependencies:
      '@uniformdev/assets': 20.7.1-alpha.64
      '@uniformdev/context': 20.7.1-alpha.64
      '@uniformdev/richtext': 20.7.1-alpha.64
      immer: 10.1.1

  '@uniformdev/context-react@20.7.1-alpha.64(react-dom@19.1.0(react@19.1.0))(react@19.1.0)':
    dependencies:
      '@uniformdev/context': 20.7.1-alpha.64
      cookie: 1.0.1
      dequal: 2.0.3
      react: 19.1.0
      react-dom: 19.1.0(react@19.1.0)

  '@uniformdev/context@20.7.1-alpha.64':
    dependencies:
      dequal: 2.0.3
      js-cookie: 3.0.5
      mitt: 3.0.1
      p-limit: 3.1.0
      rfdc: 1.4.1
      uuid: 9.0.1

  '@uniformdev/redirect@20.7.1-alpha.64':
    dependencies:
      '@uniformdev/context': 20.7.1-alpha.64
      p-limit: 3.1.0
      rfdc: 1.4.1

  '@uniformdev/richtext@20.7.1-alpha.64': {}

  '@uniformdev/webhooks@20.7.1-alpha.64':
    dependencies:
      zod: 3.23.8

  '@vercel/functions@2.2.4': {}

  caniuse-lite@1.0.30001727: {}

  chownr@3.0.0: {}

  client-only@0.0.1: {}

  color-convert@2.0.1:
    dependencies:
      color-name: 1.1.4
    optional: true

  color-name@1.1.4:
    optional: true

  color-string@1.9.1:
    dependencies:
      color-name: 1.1.4
      simple-swizzle: 0.2.2
    optional: true

  color@4.2.3:
    dependencies:
      color-convert: 2.0.1
      color-string: 1.9.1
    optional: true

  cookie@1.0.1: {}

  csstype@3.1.3: {}

  dequal@2.0.3: {}

  detect-libc@2.0.4: {}

  encoding@0.1.13:
    dependencies:
      iconv-lite: 0.6.3

  enhanced-resolve@5.18.2:
    dependencies:
      graceful-fs: 4.2.11
      tapable: 2.2.2

  es6-promise@4.2.8: {}

  fast-sha256@1.3.0: {}

  graceful-fs@4.2.11: {}

  iconv-lite@0.6.3:
    dependencies:
      safer-buffer: 2.1.2

  immer@10.1.1: {}

  is-arrayish@0.3.2:
    optional: true

  jiti@2.5.1: {}

  js-cookie@3.0.5: {}

  lightningcss-darwin-arm64@1.30.1:
    optional: true

  lightningcss-darwin-x64@1.30.1:
    optional: true

  lightningcss-freebsd-x64@1.30.1:
    optional: true

  lightningcss-linux-arm-gnueabihf@1.30.1:
    optional: true

  lightningcss-linux-arm64-gnu@1.30.1:
    optional: true

  lightningcss-linux-arm64-musl@1.30.1:
    optional: true

  lightningcss-linux-x64-gnu@1.30.1:
    optional: true

  lightningcss-linux-x64-musl@1.30.1:
    optional: true

  lightningcss-win32-arm64-msvc@1.30.1:
    optional: true

  lightningcss-win32-x64-msvc@1.30.1:
    optional: true

  lightningcss@1.30.1:
    dependencies:
      detect-libc: 2.0.4
    optionalDependencies:
      lightningcss-darwin-arm64: 1.30.1
      lightningcss-darwin-x64: 1.30.1
      lightningcss-freebsd-x64: 1.30.1
      lightningcss-linux-arm-gnueabihf: 1.30.1
      lightningcss-linux-arm64-gnu: 1.30.1
      lightningcss-linux-arm64-musl: 1.30.1
      lightningcss-linux-x64-gnu: 1.30.1
      lightningcss-linux-x64-musl: 1.30.1
      lightningcss-win32-arm64-msvc: 1.30.1
      lightningcss-win32-x64-msvc: 1.30.1

  magic-string@0.30.17:
    dependencies:
      '@jridgewell/sourcemap-codec': 1.5.4

  minipass@7.1.2: {}

  minizlib@3.0.2:
    dependencies:
      minipass: 7.1.2

  mitt@3.0.1: {}

  mkdirp@3.0.1: {}

  nanoid@3.3.11: {}

  next@15.4.2-canary.16(react-dom@19.1.0(react@19.1.0))(react@19.1.0):
    dependencies:
      '@next/env': 15.4.2-canary.16
      '@swc/helpers': 0.5.15
      caniuse-lite: 1.0.30001727
      postcss: 8.4.31
      react: 19.1.0
      react-dom: 19.1.0(react@19.1.0)
      styled-jsx: 5.1.6(react@19.1.0)
    optionalDependencies:
      '@next/swc-darwin-arm64': 15.4.2-canary.16
      '@next/swc-darwin-x64': 15.4.2-canary.16
      '@next/swc-linux-arm64-gnu': 15.4.2-canary.16
      '@next/swc-linux-arm64-musl': 15.4.2-canary.16
      '@next/swc-linux-x64-gnu': 15.4.2-canary.16
      '@next/swc-linux-x64-musl': 15.4.2-canary.16
      '@next/swc-win32-arm64-msvc': 15.4.2-canary.16
      '@next/swc-win32-x64-msvc': 15.4.2-canary.16
      sharp: 0.34.3
    transitivePeerDependencies:
      - '@babel/core'
      - babel-plugin-macros

  node-fetch@2.7.0(encoding@0.1.13):
    dependencies:
      whatwg-url: 5.0.0
    optionalDependencies:
      encoding: 0.1.13

  p-limit@3.1.0:
    dependencies:
      yocto-queue: 0.1.0

  picocolors@1.1.1: {}

  postcss@8.4.31:
    dependencies:
      nanoid: 3.3.11
      picocolors: 1.1.1
      source-map-js: 1.2.1

  postcss@8.5.6:
    dependencies:
      nanoid: 3.3.11
      picocolors: 1.1.1
      source-map-js: 1.2.1

  querystringify@2.2.0: {}

  react-dom@19.1.0(react@19.1.0):
    dependencies:
      react: 19.1.0
      scheduler: 0.26.0

  react@19.1.0: {}

  requires-port@1.0.0: {}

  rfdc@1.4.1: {}

  safer-buffer@2.1.2: {}

  scheduler@0.26.0: {}

  semver@7.7.2:
    optional: true

  server-only@0.0.1: {}

  sharp@0.34.3:
    dependencies:
      color: 4.2.3
      detect-libc: 2.0.4
      semver: 7.7.2
    optionalDependencies:
      '@img/sharp-darwin-arm64': 0.34.3
      '@img/sharp-darwin-x64': 0.34.3
      '@img/sharp-libvips-darwin-arm64': 1.2.0
      '@img/sharp-libvips-darwin-x64': 1.2.0
      '@img/sharp-libvips-linux-arm': 1.2.0
      '@img/sharp-libvips-linux-arm64': 1.2.0
      '@img/sharp-libvips-linux-ppc64': 1.2.0
      '@img/sharp-libvips-linux-s390x': 1.2.0
      '@img/sharp-libvips-linux-x64': 1.2.0
      '@img/sharp-libvips-linuxmusl-arm64': 1.2.0
      '@img/sharp-libvips-linuxmusl-x64': 1.2.0
      '@img/sharp-linux-arm': 0.34.3
      '@img/sharp-linux-arm64': 0.34.3
      '@img/sharp-linux-ppc64': 0.34.3
      '@img/sharp-linux-s390x': 0.34.3
      '@img/sharp-linux-x64': 0.34.3
      '@img/sharp-linuxmusl-arm64': 0.34.3
      '@img/sharp-linuxmusl-x64': 0.34.3
      '@img/sharp-wasm32': 0.34.3
      '@img/sharp-win32-arm64': 0.34.3
      '@img/sharp-win32-ia32': 0.34.3
      '@img/sharp-win32-x64': 0.34.3
    optional: true

  simple-swizzle@0.2.2:
    dependencies:
      is-arrayish: 0.3.2
    optional: true

  source-map-js@1.2.1: {}

  styled-jsx@5.1.6(react@19.1.0):
    dependencies:
      client-only: 0.0.1
      react: 19.1.0

  svix-fetch@3.0.0(encoding@0.1.13):
    dependencies:
      node-fetch: 2.7.0(encoding@0.1.13)
      whatwg-fetch: 3.6.20
    transitivePeerDependencies:
      - encoding

  svix@1.69.0(encoding@0.1.13):
    dependencies:
      '@stablelib/base64': 1.0.1
      '@types/node': 22.16.5
      es6-promise: 4.2.8
      fast-sha256: 1.3.0
      svix-fetch: 3.0.0(encoding@0.1.13)
      url-parse: 1.5.10
      uuid: 10.0.0
    transitivePeerDependencies:
      - encoding

  tailwindcss@4.1.11: {}

  tapable@2.2.2: {}

  tar@7.4.3:
    dependencies:
      '@isaacs/fs-minipass': 4.0.1
      chownr: 3.0.0
      minipass: 7.1.2
      minizlib: 3.0.2
      mkdirp: 3.0.1
      yallist: 5.0.0

  tr46@0.0.3: {}

  tslib@2.8.1: {}

  typescript@5.8.3: {}

  undici-types@6.21.0: {}

  url-parse@1.5.10:
    dependencies:
      querystringify: 2.2.0
      requires-port: 1.0.0

  uuid@10.0.0: {}

  uuid@9.0.1: {}

  webidl-conversions@3.0.1: {}

  whatwg-fetch@3.6.20: {}

  whatwg-url@5.0.0:
    dependencies:
      tr46: 0.0.3
      webidl-conversions: 3.0.1

  yallist@5.0.0: {}

  yocto-queue@0.1.0: {}

  zod@3.23.8: {}
